// !$*UTF8*$!
{
	archiveVersion = 1;
	classes = {
	};
	objectVersion = 46;
	objects = {

/* Begin PBXBuildFile section */
		98E825331B86044A00E7BA79 /* AppDelegate.swift in Sources */ = {isa = PBXBuildFile; fileRef = 98E825321B86044A00E7BA79 /* AppDelegate.swift */; };
		98E825351B86044A00E7BA79 /* ViewController.swift in Sources */ = {isa = PBXBuildFile; fileRef = 98E825341B86044A00E7BA79 /* ViewController.swift */; };
		98E825381B86044A00E7BA79 /* Main.storyboard in Resources */ = {isa = PBXBuildFile; fileRef = 98E825361B86044A00E7BA79 /* Main.storyboard */; };
		98E8253A1B86044A00E7BA79 /* Assets.xcassets in Resources */ = {isa = PBXBuildFile; fileRef = 98E825391B86044A00E7BA79 /* Assets.xcassets */; };
		98E8253D1B86044A00E7BA79 /* LaunchScreen.storyboard in Resources */ = {isa = PBXBuildFile; fileRef = 98E8253B1B86044A00E7BA79 /* LaunchScreen.storyboard */; };
		98E825481B86044A00E7BA79 /* SwinjectMVVMExampleTests.swift in Sources */ = {isa = PBXBuildFile; fileRef = 98E825471B86044A00E7BA79 /* SwinjectMVVMExampleTests.swift */; };
/* End PBXBuildFile section */

/* Begin PBXContainerItemProxy section */
		98E825441B86044A00E7BA79 /* PBXContainerItemProxy */ = {
			isa = PBXContainerItemProxy;
			containerPortal = 98E825271B86044A00E7BA79 /* Project object */;
			proxyType = 1;
			remoteGlobalIDString = 98E8252E1B86044A00E7BA79;
			remoteInfo = SwinjectMVVMExample;
		};
/* End PBXContainerItemProxy section */

/* Begin PBXFileReference section */
		98E8252F1B86044A00E7BA79 /* SwinjectMVVMExample.app */ = {isa = PBXFileReference; explicitFileType = wrapper.application; includeInIndex = 0; path = SwinjectMVVMExample.app; sourceTree = BUILT_PRODUCTS_DIR; };
		98E825321B86044A00E7BA79 /* AppDelegate.swift */ = {isa = PBXFileReference; lastKnownFileType = sourcecode.swift; path = AppDelegate.swift; sourceTree = "<group>"; };
		98E825341B86044A00E7BA79 /* ViewController.swift */ = {isa = PBXFileReference; lastKnownFileType = sourcecode.swift; path = ViewController.swift; sourceTree = "<group>"; };
		98E825371B86044A00E7BA79 /* Base */ = {isa = PBXFileReference; lastKnownFileType = file.storyboard; name = Base; path = Base.lproj/Main.storyboard; sourceTree = "<group>"; };
		98E825391B86044A00E7BA79 /* Assets.xcassets */ = {isa = PBXFileReference; lastKnownFileType = folder.assetcatalog; path = Assets.xcassets; sourceTree = "<group>"; };
		98E8253C1B86044A00E7BA79 /* Base */ = {isa = PBXFileReference; lastKnownFileType = file.storyboard; name = Base; path = Base.lproj/LaunchScreen.storyboard; sourceTree = "<group>"; };
		98E8253E1B86044A00E7BA79 /* Info.plist */ = {isa = PBXFileReference; lastKnownFileType = text.plist.xml; path = Info.plist; sourceTree = "<group>"; };
		98E825431B86044A00E7BA79 /* SwinjectMVVMExampleTests.xctest */ = {isa = PBXFileReference; explicitFileType = wrapper.cfbundle; includeInIndex = 0; path = SwinjectMVVMExampleTests.xctest; sourceTree = BUILT_PRODUCTS_DIR; };
		98E825471B86044A00E7BA79 /* SwinjectMVVMExampleTests.swift */ = {isa = PBXFileReference; lastKnownFileType = sourcecode.swift; path = SwinjectMVVMExampleTests.swift; sourceTree = "<group>"; };
		98E825491B86044A00E7BA79 /* Info.plist */ = {isa = PBXFileReference; lastKnownFileType = text.plist.xml; path = Info.plist; sourceTree = "<group>"; };
/* End PBXFileReference section */

/* Begin PBXFrameworksBuildPhase section */
		98E8252C1B86044A00E7BA79 /* Frameworks */ = {
			isa = PBXFrameworksBuildPhase;
			buildActionMask = 2147483647;
			files = (
			);
			runOnlyForDeploymentPostprocessing = 0;
		};
		98E825401B86044A00E7BA79 /* Frameworks */ = {
			isa = PBXFrameworksBuildPhase;
			buildActionMask = 2147483647;
			files = (
			);
			runOnlyForDeploymentPostprocessing = 0;
		};
/* End PBXFrameworksBuildPhase section */

/* Begin PBXGroup section */
		98E825261B86044A00E7BA79 = {
			isa = PBXGroup;
			children = (
				98E825311B86044A00E7BA79 /* SwinjectMVVMExample */,
				98E825461B86044A00E7BA79 /* SwinjectMVVMExampleTests */,
				98E825301B86044A00E7BA79 /* Products */,
			);
			sourceTree = "<group>";
		};
		98E825301B86044A00E7BA79 /* Products */ = {
			isa = PBXGroup;
			children = (
				98E8252F1B86044A00E7BA79 /* SwinjectMVVMExample.app */,
				98E825431B86044A00E7BA79 /* SwinjectMVVMExampleTests.xctest */,
			);
			name = Products;
			sourceTree = "<group>";
		};
		98E825311B86044A00E7BA79 /* SwinjectMVVMExample */ = {
			isa = PBXGroup;
			children = (
				98E825321B86044A00E7BA79 /* AppDelegate.swift */,
				98E825341B86044A00E7BA79 /* ViewController.swift */,
				98E825361B86044A00E7BA79 /* Main.storyboard */,
				98E825391B86044A00E7BA79 /* Assets.xcassets */,
				98E8253B1B86044A00E7BA79 /* LaunchScreen.storyboard */,
				98E8253E1B86044A00E7BA79 /* Info.plist */,
			);
			path = SwinjectMVVMExample;
			sourceTree = "<group>";
		};
		98E825461B86044A00E7BA79 /* SwinjectMVVMExampleTests */ = {
			isa = PBXGroup;
			children = (
				98E825471B86044A00E7BA79 /* SwinjectMVVMExampleTests.swift */,
				98E825491B86044A00E7BA79 /* Info.plist */,
			);
			path = SwinjectMVVMExampleTests;
			sourceTree = "<group>";
		};
/* End PBXGroup section */

/* Begin PBXNativeTarget section */
		98E8252E1B86044A00E7BA79 /* SwinjectMVVMExample */ = {
			isa = PBXNativeTarget;
			buildConfigurationList = 98E8254C1B86044A00E7BA79 /* Build configuration list for PBXNativeTarget "SwinjectMVVMExample" */;
			buildPhases = (
				98E8252B1B86044A00E7BA79 /* Sources */,
				98E8252C1B86044A00E7BA79 /* Frameworks */,
				98E8252D1B86044A00E7BA79 /* Resources */,
			);
			buildRules = (
			);
			dependencies = (
			);
			name = SwinjectMVVMExample;
			productName = SwinjectMVVMExample;
			productReference = 98E8252F1B86044A00E7BA79 /* SwinjectMVVMExample.app */;
			productType = "com.apple.product-type.application";
		};
		98E825421B86044A00E7BA79 /* SwinjectMVVMExampleTests */ = {
			isa = PBXNativeTarget;
			buildConfigurationList = 98E8254F1B86044A00E7BA79 /* Build configuration list for PBXNativeTarget "SwinjectMVVMExampleTests" */;
			buildPhases = (
				98E8253F1B86044A00E7BA79 /* Sources */,
				98E825401B86044A00E7BA79 /* Frameworks */,
				98E825411B86044A00E7BA79 /* Resources */,
			);
			buildRules = (
			);
			dependencies = (
				98E825451B86044A00E7BA79 /* PBXTargetDependency */,
			);
			name = SwinjectMVVMExampleTests;
			productName = SwinjectMVVMExampleTests;
			productReference = 98E825431B86044A00E7BA79 /* SwinjectMVVMExampleTests.xctest */;
			productType = "com.apple.product-type.bundle.unit-test";
		};
/* End PBXNativeTarget section */

/* Begin PBXProject section */
		98E825271B86044A00E7BA79 /* Project object */ = {
			isa = PBXProject;
			attributes = {
				LastUpgradeCheck = 0700;
				ORGANIZATIONNAME = "Swinject Contributors";
				TargetAttributes = {
					98E8252E1B86044A00E7BA79 = {
						CreatedOnToolsVersion = 7.0;
					};
					98E825421B86044A00E7BA79 = {
						CreatedOnToolsVersion = 7.0;
						TestTargetID = 98E8252E1B86044A00E7BA79;
					};
				};
			};
			buildConfigurationList = 98E8252A1B86044A00E7BA79 /* Build configuration list for PBXProject "SwinjectMVVMExample" */;
			compatibilityVersion = "Xcode 3.2";
			developmentRegion = English;
			hasScannedForEncodings = 0;
			knownRegions = (
				en,
				Base,
			);
			mainGroup = 98E825261B86044A00E7BA79;
			productRefGroup = 98E825301B86044A00E7BA79 /* Products */;
			projectDirPath = "";
			projectRoot = "";
			targets = (
				98E8252E1B86044A00E7BA79 /* SwinjectMVVMExample */,
				98E825421B86044A00E7BA79 /* SwinjectMVVMExampleTests */,
			);
		};
/* End PBXProject section */

/* Begin PBXResourcesBuildPhase section */
		98E8252D1B86044A00E7BA79 /* Resources */ = {
			isa = PBXResourcesBuildPhase;
			buildActionMask = 2147483647;
			files = (
				98E8253D1B86044A00E7BA79 /* LaunchScreen.storyboard in Resources */,
				98E8253A1B86044A00E7BA79 /* Assets.xcassets in Resources */,
				98E825381B86044A00E7BA79 /* Main.storyboard in Resources */,
			);
			runOnlyForDeploymentPostprocessing = 0;
		};
		98E825411B86044A00E7BA79 /* Resources */ = {
			isa = PBXResourcesBuildPhase;
			buildActionMask = 2147483647;
			files = (
			);
			runOnlyForDeploymentPostprocessing = 0;
		};
/* End PBXResourcesBuildPhase section */

/* Begin PBXSourcesBuildPhase section */
		98E8252B1B86044A00E7BA79 /* Sources */ = {
			isa = PBXSourcesBuildPhase;
			buildActionMask = 2147483647;
			files = (
				98E825351B86044A00E7BA79 /* ViewController.swift in Sources */,
				98E825331B86044A00E7BA79 /* AppDelegate.swift in Sources */,
			);
			runOnlyForDeploymentPostprocessing = 0;
		};
		98E8253F1B86044A00E7BA79 /* Sources */ = {
			isa = PBXSourcesBuildPhase;
			buildActionMask = 2147483647;
			files = (
				98E825481B86044A00E7BA79 /* SwinjectMVVMExampleTests.swift in Sources */,
			);
			runOnlyForDeploymentPostprocessing = 0;
		};
/* End PBXSourcesBuildPhase section */

/* Begin PBXTargetDependency section */
		98E825451B86044A00E7BA79 /* PBXTargetDependency */ = {
			isa = PBXTargetDependency;
			target = 98E8252E1B86044A00E7BA79 /* SwinjectMVVMExample */;
			targetProxy = 98E825441B86044A00E7BA79 /* PBXContainerItemProxy */;
		};
/* End PBXTargetDependency section */

/* Begin PBXVariantGroup section */
		98E825361B86044A00E7BA79 /* Main.storyboard */ = {
			isa = PBXVariantGroup;
			children = (
				98E825371B86044A00E7BA79 /* Base */,
			);
			name = Main.storyboard;
			sourceTree = "<group>";
		};
		98E8253B1B86044A00E7BA79 /* LaunchScreen.storyboard */ = {
			isa = PBXVariantGroup;
			children = (
				98E8253C1B86044A00E7BA79 /* Base */,
			);
			name = LaunchScreen.storyboard;
			sourceTree = "<group>";
		};
/* End PBXVariantGroup section */

/* Begin XCBuildConfiguration section */
		98E8254A1B86044A00E7BA79 /* Debug */ = {
			isa = XCBuildConfiguration;
			buildSettings = {
				ALWAYS_SEARCH_USER_PATHS = NO;
				CLANG_CXX_LANGUAGE_STANDARD = "gnu++0x";
				CLANG_CXX_LIBRARY = "libc++";
				CLANG_ENABLE_MODULES = YES;
				CLANG_ENABLE_OBJC_ARC = YES;
				CLANG_WARN_BOOL_CONVERSION = YES;
				CLANG_WARN_CONSTANT_CONVERSION = YES;
				CLANG_WARN_DIRECT_OBJC_ISA_USAGE = YES_ERROR;
				CLANG_WARN_EMPTY_BODY = YES;
				CLANG_WARN_ENUM_CONVERSION = YES;
				CLANG_WARN_INT_CONVERSION = YES;
				CLANG_WARN_OBJC_ROOT_CLASS = YES_ERROR;
				CLANG_WARN_UNREACHABLE_CODE = YES;
				CLANG_WARN__DUPLICATE_METHOD_MATCH = YES;
				"CODE_SIGN_IDENTITY[sdk=iphoneos*]" = "iPhone Developer";
				COPY_PHASE_STRIP = NO;
				DEBUG_INFORMATION_FORMAT = dwarf;
				ENABLE_STRICT_OBJC_MSGSEND = YES;
				ENABLE_TESTABILITY = YES;
				GCC_C_LANGUAGE_STANDARD = gnu99;
				GCC_DYNAMIC_NO_PIC = NO;
				GCC_NO_COMMON_BLOCKS = YES;
				GCC_OPTIMIZATION_LEVEL = 0;
				GCC_PREPROCESSOR_DEFINITIONS = (
					"DEBUG=1",
					"$(inherited)",
				);
				GCC_WARN_64_TO_32_BIT_CONVERSION = YES;
				GCC_WARN_ABOUT_RETURN_TYPE = YES_ERROR;
				GCC_WARN_UNDECLARED_SELECTOR = YES;
				GCC_WARN_UNINITIALIZED_AUTOS = YES_AGGRESSIVE;
				GCC_WARN_UNUSED_FUNCTION = YES;
				GCC_WARN_UNUSED_VARIABLE = YES;
				IPHONEOS_DEPLOYMENT_TARGET = 9.0;
				MTL_ENABLE_DEBUG_INFO = YES;
				ONLY_ACTIVE_ARCH = YES;
				SDKROOT = iphoneos;
				SWIFT_OPTIMIZATION_LEVEL = "-Onone";
			};
			name = Debug;
		};
		98E8254B1B86044A00E7BA79 /* Release */ = {
			isa = XCBuildConfiguration;
			buildSettings = {
				ALWAYS_SEARCH_USER_PATHS = NO;
				CLANG_CXX_LANGUAGE_STANDARD = "gnu++0x";
				CLANG_CXX_LIBRARY = "libc++";
				CLANG_ENABLE_MODULES = YES;
				CLANG_ENABLE_OBJC_ARC = YES;
				CLANG_WARN_BOOL_CONVERSION = YES;
				CLANG_WARN_CONSTANT_CONVERSION = YES;
				CLANG_WARN_DIRECT_OBJC_ISA_USAGE = YES_ERROR;
				CLANG_WARN_EMPTY_BODY = YES;
				CLANG_WARN_ENUM_CONVERSION = YES;
				CLANG_WARN_INT_CONVERSION = YES;
				CLANG_WARN_OBJC_ROOT_CLASS = YES_ERROR;
				CLANG_WARN_UNREACHABLE_CODE = YES;
				CLANG_WARN__DUPLICATE_METHOD_MATCH = YES;
				"CODE_SIGN_IDENTITY[sdk=iphoneos*]" = "iPhone Developer";
				COPY_PHASE_STRIP = NO;
				DEBUG_INFORMATION_FORMAT = "dwarf-with-dsym";
				ENABLE_NS_ASSERTIONS = NO;
				ENABLE_STRICT_OBJC_MSGSEND = YES;
				GCC_C_LANGUAGE_STANDARD = gnu99;
				GCC_NO_COMMON_BLOCKS = YES;
				GCC_WARN_64_TO_32_BIT_CONVERSION = YES;
				GCC_WARN_ABOUT_RETURN_TYPE = YES_ERROR;
				GCC_WARN_UNDECLARED_SELECTOR = YES;
				GCC_WARN_UNINITIALIZED_AUTOS = YES_AGGRESSIVE;
				GCC_WARN_UNUSED_FUNCTION = YES;
				GCC_WARN_UNUSED_VARIABLE = YES;
				IPHONEOS_DEPLOYMENT_TARGET = 9.0;
				MTL_ENABLE_DEBUG_INFO = NO;
				SDKROOT = iphoneos;
				VALIDATE_PRODUCT = YES;
			};
			name = Release;
		};
		98E8254D1B86044A00E7BA79 /* Debug */ = {
			isa = XCBuildConfiguration;
			buildSettings = {
				ASSETCATALOG_COMPILER_APPICON_NAME = AppIcon;
				INFOPLIST_FILE = SwinjectMVVMExample/Info.plist;
				LD_RUNPATH_SEARCH_PATHS = "$(inherited) @executable_path/Frameworks";
				PRODUCT_BUNDLE_IDENTIFIER = "com.el-eleven.SwinjectMVVMExample";
				PRODUCT_NAME = "$(TARGET_NAME)";
			};
			name = Debug;
		};
		98E8254E1B86044A00E7BA79 /* Release */ = {
			isa = XCBuildConfiguration;
			buildSettings = {
				ASSETCATALOG_COMPILER_APPICON_NAME = AppIcon;
				INFOPLIST_FILE = SwinjectMVVMExample/Info.plist;
				LD_RUNPATH_SEARCH_PATHS = "$(inherited) @executable_path/Frameworks";
				PRODUCT_BUNDLE_IDENTIFIER = "com.el-eleven.SwinjectMVVMExample";
				PRODUCT_NAME = "$(TARGET_NAME)";
			};
			name = Release;
		};
		98E825501B86044A00E7BA79 /* Debug */ = {
			isa = XCBuildConfiguration;
			buildSettings = {
				BUNDLE_LOADER = "$(TEST_HOST)";
				INFOPLIST_FILE = SwinjectMVVMExampleTests/Info.plist;
				LD_RUNPATH_SEARCH_PATHS = "$(inherited) @executable_path/Frameworks @loader_path/Frameworks";
				PRODUCT_BUNDLE_IDENTIFIER = "com.el-eleven.SwinjectMVVMExampleTests";
				PRODUCT_NAME = "$(TARGET_NAME)";
				TEST_HOST = "$(BUILT_PRODUCTS_DIR)/SwinjectMVVMExample.app/SwinjectMVVMExample";
			};
			name = Debug;
		};
		98E825511B86044A00E7BA79 /* Release */ = {
			isa = XCBuildConfiguration;
			buildSettings = {
				BUNDLE_LOADER = "$(TEST_HOST)";
				INFOPLIST_FILE = SwinjectMVVMExampleTests/Info.plist;
				LD_RUNPATH_SEARCH_PATHS = "$(inherited) @executable_path/Frameworks @loader_path/Frameworks";
				PRODUCT_BUNDLE_IDENTIFIER = "com.el-eleven.SwinjectMVVMExampleTests";
				PRODUCT_NAME = "$(TARGET_NAME)";
				TEST_HOST = "$(BUILT_PRODUCTS_DIR)/SwinjectMVVMExample.app/SwinjectMVVMExample";
			};
			name = Release;
		};
/* End XCBuildConfiguration section */

/* Begin XCConfigurationList section */
		98E8252A1B86044A00E7BA79 /* Build configuration list for PBXProject "SwinjectMVVMExample" */ = {
			isa = XCConfigurationList;
			buildConfigurations = (
				98E8254A1B86044A00E7BA79 /* Debug */,
				98E8254B1B86044A00E7BA79 /* Release */,
			);
			defaultConfigurationIsVisible = 0;
			defaultConfigurationName = Release;
		};
		98E8254C1B86044A00E7BA79 /* Build configuration list for PBXNativeTarget "SwinjectMVVMExample" */ = {
			isa = XCConfigurationList;
			buildConfigurations = (
				98E8254D1B86044A00E7BA79 /* Debug */,
				98E8254E1B86044A00E7BA79 /* Release */,
			);
			defaultConfigurationIsVisible = 0;
		};
		98E8254F1B86044A00E7BA79 /* Build configuration list for PBXNativeTarget "SwinjectMVVMExampleTests" */ = {
			isa = XCConfigurationList;
			buildConfigurations = (
				98E825501B86044A00E7BA79 /* Debug */,
				98E825511B86044A00E7BA79 /* Release */,
			);
			defaultConfigurationIsVisible = 0;
		};
/* End XCConfigurationList section */
	};
	rootObject = 98E825271B86044A00E7BA79 /* Project object */;
}
