// !$*UTF8*$!
{
	archiveVersion = 1;
	classes = {
	};
	objectVersion = 46;
	objects = {

/* Begin PBXBuildFile section */
		983DFE741CDB3A8000D39731 /* Swinject.framework in Frameworks */ = {isa = PBXBuildFile; fileRef = 983DFE641CDB38F000D39731 /* Swinject.framework */; };
		983DFE751CDB3A8E00D39731 /* Swinject.framework in Frameworks */ = {isa = PBXBuildFile; fileRef = 983DFE681CDB38F000D39731 /* Swinject.framework */; };
		983DFE7A1CDB3AA600D39731 /* Swinject.framework in Frameworks */ = {isa = PBXBuildFile; fileRef = 983DFE6E1CDB38F000D39731 /* Swinject.framework */; };
		983DFEA51CDB410D00D39731 /* Container+SwinjectStoryboard.swift in Sources */ = {isa = PBXBuildFile; fileRef = 983DFE9F1CDB410D00D39731 /* Container+SwinjectStoryboard.swift */; };
		983DFEA61CDB410D00D39731 /* Container+SwinjectStoryboard.swift in Sources */ = {isa = PBXBuildFile; fileRef = 983DFE9F1CDB410D00D39731 /* Container+SwinjectStoryboard.swift */; };
		983DFEA71CDB410D00D39731 /* Container+SwinjectStoryboard.swift in Sources */ = {isa = PBXBuildFile; fileRef = 983DFE9F1CDB410D00D39731 /* Container+SwinjectStoryboard.swift */; };
		983DFEA81CDB410D00D39731 /* Storyboard+Swizzling.swift in Sources */ = {isa = PBXBuildFile; fileRef = 983DFEA01CDB410D00D39731 /* Storyboard+Swizzling.swift */; };
		983DFEA91CDB410D00D39731 /* Storyboard+Swizzling.swift in Sources */ = {isa = PBXBuildFile; fileRef = 983DFEA01CDB410D00D39731 /* Storyboard+Swizzling.swift */; };
		983DFEAA1CDB410D00D39731 /* Storyboard+Swizzling.swift in Sources */ = {isa = PBXBuildFile; fileRef = 983DFEA01CDB410D00D39731 /* Storyboard+Swizzling.swift */; };
		983DFEAB1CDB410D00D39731 /* SwinjectStoryboard.swift in Sources */ = {isa = PBXBuildFile; fileRef = 983DFEA11CDB410D00D39731 /* SwinjectStoryboard.swift */; };
		983DFEAC1CDB410D00D39731 /* SwinjectStoryboard.swift in Sources */ = {isa = PBXBuildFile; fileRef = 983DFEA11CDB410D00D39731 /* SwinjectStoryboard.swift */; };
		983DFEAD1CDB410D00D39731 /* SwinjectStoryboard.swift in Sources */ = {isa = PBXBuildFile; fileRef = 983DFEA11CDB410D00D39731 /* SwinjectStoryboard.swift */; };
		983DFEAE1CDB410D00D39731 /* SwinjectStoryboardOption.swift in Sources */ = {isa = PBXBuildFile; fileRef = 983DFEA21CDB410D00D39731 /* SwinjectStoryboardOption.swift */; };
		983DFEAF1CDB410D00D39731 /* SwinjectStoryboardOption.swift in Sources */ = {isa = PBXBuildFile; fileRef = 983DFEA21CDB410D00D39731 /* SwinjectStoryboardOption.swift */; };
		983DFEB01CDB410D00D39731 /* SwinjectStoryboardOption.swift in Sources */ = {isa = PBXBuildFile; fileRef = 983DFEA21CDB410D00D39731 /* SwinjectStoryboardOption.swift */; };
		983DFEB11CDB410D00D39731 /* SwinjectStoryboardType.swift in Sources */ = {isa = PBXBuildFile; fileRef = 983DFEA31CDB410D00D39731 /* SwinjectStoryboardType.swift */; };
		983DFEB21CDB410D00D39731 /* SwinjectStoryboardType.swift in Sources */ = {isa = PBXBuildFile; fileRef = 983DFEA31CDB410D00D39731 /* SwinjectStoryboardType.swift */; };
		983DFEB31CDB410D00D39731 /* SwinjectStoryboardType.swift in Sources */ = {isa = PBXBuildFile; fileRef = 983DFEA31CDB410D00D39731 /* SwinjectStoryboardType.swift */; };
		983DFEB41CDB410D00D39731 /* ViewController+Swinject.swift in Sources */ = {isa = PBXBuildFile; fileRef = 983DFEA41CDB410D00D39731 /* ViewController+Swinject.swift */; };
		983DFEB51CDB410D00D39731 /* ViewController+Swinject.swift in Sources */ = {isa = PBXBuildFile; fileRef = 983DFEA41CDB410D00D39731 /* ViewController+Swinject.swift */; };
		983DFEB61CDB410D00D39731 /* ViewController+Swinject.swift in Sources */ = {isa = PBXBuildFile; fileRef = 983DFEA41CDB410D00D39731 /* ViewController+Swinject.swift */; };
		983DFEBC1CDB414900D39731 /* _SwinjectStoryboardBase.h in Headers */ = {isa = PBXBuildFile; fileRef = 983DFEBA1CDB414900D39731 /* _SwinjectStoryboardBase.h */; settings = {ATTRIBUTES = (Public, ); }; };
		983DFEBD1CDB414900D39731 /* _SwinjectStoryboardBase.h in Headers */ = {isa = PBXBuildFile; fileRef = 983DFEBA1CDB414900D39731 /* _SwinjectStoryboardBase.h */; settings = {ATTRIBUTES = (Public, ); }; };
		983DFEBE1CDB414900D39731 /* _SwinjectStoryboardBase.m in Sources */ = {isa = PBXBuildFile; fileRef = 983DFEBB1CDB414900D39731 /* _SwinjectStoryboardBase.m */; };
		983DFEBF1CDB414900D39731 /* _SwinjectStoryboardBase.m in Sources */ = {isa = PBXBuildFile; fileRef = 983DFEBB1CDB414900D39731 /* _SwinjectStoryboardBase.m */; };
		983DFEC31CDB415300D39731 /* _SwinjectStoryboardBase.h in Headers */ = {isa = PBXBuildFile; fileRef = 983DFEC11CDB415300D39731 /* _SwinjectStoryboardBase.h */; settings = {ATTRIBUTES = (Public, ); }; };
		983DFEC41CDB415300D39731 /* _SwinjectStoryboardBase.m in Sources */ = {isa = PBXBuildFile; fileRef = 983DFEC21CDB415300D39731 /* _SwinjectStoryboardBase.m */; };
		983DFEC91CDB423800D39731 /* Container+SwinjectStoryboardSpec.swift in Sources */ = {isa = PBXBuildFile; fileRef = 983DFEC51CDB423800D39731 /* Container+SwinjectStoryboardSpec.swift */; };
		983DFECA1CDB423800D39731 /* Container+SwinjectStoryboardSpec.swift in Sources */ = {isa = PBXBuildFile; fileRef = 983DFEC51CDB423800D39731 /* Container+SwinjectStoryboardSpec.swift */; };
		983DFECB1CDB423800D39731 /* Container+SwinjectStoryboardSpec.swift in Sources */ = {isa = PBXBuildFile; fileRef = 983DFEC51CDB423800D39731 /* Container+SwinjectStoryboardSpec.swift */; };
		983DFECC1CDB423800D39731 /* NSWindowController+SwinjectSpec.swift in Sources */ = {isa = PBXBuildFile; fileRef = 983DFEC61CDB423800D39731 /* NSWindowController+SwinjectSpec.swift */; };
		983DFECD1CDB423800D39731 /* NSWindowController+SwinjectSpec.swift in Sources */ = {isa = PBXBuildFile; fileRef = 983DFEC61CDB423800D39731 /* NSWindowController+SwinjectSpec.swift */; };
		983DFECE1CDB423800D39731 /* NSWindowController+SwinjectSpec.swift in Sources */ = {isa = PBXBuildFile; fileRef = 983DFEC61CDB423800D39731 /* NSWindowController+SwinjectSpec.swift */; };
		983DFECF1CDB423800D39731 /* Storyboard+SwizzlingSpec.swift in Sources */ = {isa = PBXBuildFile; fileRef = 983DFEC71CDB423800D39731 /* Storyboard+SwizzlingSpec.swift */; };
		983DFED01CDB423800D39731 /* Storyboard+SwizzlingSpec.swift in Sources */ = {isa = PBXBuildFile; fileRef = 983DFEC71CDB423800D39731 /* Storyboard+SwizzlingSpec.swift */; };
		983DFED11CDB423800D39731 /* Storyboard+SwizzlingSpec.swift in Sources */ = {isa = PBXBuildFile; fileRef = 983DFEC71CDB423800D39731 /* Storyboard+SwizzlingSpec.swift */; };
		983DFED21CDB423800D39731 /* ViewController+SwinjectSpec.swift in Sources */ = {isa = PBXBuildFile; fileRef = 983DFEC81CDB423800D39731 /* ViewController+SwinjectSpec.swift */; };
		983DFED31CDB423800D39731 /* ViewController+SwinjectSpec.swift in Sources */ = {isa = PBXBuildFile; fileRef = 983DFEC81CDB423800D39731 /* ViewController+SwinjectSpec.swift */; };
		983DFED41CDB423800D39731 /* ViewController+SwinjectSpec.swift in Sources */ = {isa = PBXBuildFile; fileRef = 983DFEC81CDB423800D39731 /* ViewController+SwinjectSpec.swift */; };
		983DFEDE1CDB425600D39731 /* AnimalPlayerViewController.storyboard in Resources */ = {isa = PBXBuildFile; fileRef = 983DFED61CDB425600D39731 /* AnimalPlayerViewController.storyboard */; };
		983DFEDF1CDB425600D39731 /* AnimalPlayerViewController.storyboard in Resources */ = {isa = PBXBuildFile; fileRef = 983DFED61CDB425600D39731 /* AnimalPlayerViewController.storyboard */; };
		983DFEE01CDB425600D39731 /* AnimalPlayerViewController.swift in Sources */ = {isa = PBXBuildFile; fileRef = 983DFED71CDB425600D39731 /* AnimalPlayerViewController.swift */; };
		983DFEE11CDB425600D39731 /* AnimalPlayerViewController.swift in Sources */ = {isa = PBXBuildFile; fileRef = 983DFED71CDB425600D39731 /* AnimalPlayerViewController.swift */; };
		983DFEE21CDB425600D39731 /* Animals.storyboard in Resources */ = {isa = PBXBuildFile; fileRef = 983DFED81CDB425600D39731 /* Animals.storyboard */; };
		983DFEE31CDB425600D39731 /* Animals.storyboard in Resources */ = {isa = PBXBuildFile; fileRef = 983DFED81CDB425600D39731 /* Animals.storyboard */; };
		983DFEE41CDB425600D39731 /* AnimalViewController.swift in Sources */ = {isa = PBXBuildFile; fileRef = 983DFED91CDB425600D39731 /* AnimalViewController.swift */; };
		983DFEE51CDB425600D39731 /* AnimalViewController.swift in Sources */ = {isa = PBXBuildFile; fileRef = 983DFED91CDB425600D39731 /* AnimalViewController.swift */; };
		983DFEE61CDB425600D39731 /* Storyboard1.storyboard in Resources */ = {isa = PBXBuildFile; fileRef = 983DFEDA1CDB425600D39731 /* Storyboard1.storyboard */; };
		983DFEE71CDB425600D39731 /* Storyboard1.storyboard in Resources */ = {isa = PBXBuildFile; fileRef = 983DFEDA1CDB425600D39731 /* Storyboard1.storyboard */; };
		983DFEE81CDB425600D39731 /* Storyboard2.storyboard in Resources */ = {isa = PBXBuildFile; fileRef = 983DFEDB1CDB425600D39731 /* Storyboard2.storyboard */; };
		983DFEE91CDB425600D39731 /* Storyboard2.storyboard in Resources */ = {isa = PBXBuildFile; fileRef = 983DFEDB1CDB425600D39731 /* Storyboard2.storyboard */; };
		983DFEEA1CDB425600D39731 /* SwinjectStoryboardSpec.swift in Sources */ = {isa = PBXBuildFile; fileRef = 983DFEDC1CDB425600D39731 /* SwinjectStoryboardSpec.swift */; };
		983DFEEB1CDB425600D39731 /* SwinjectStoryboardSpec.swift in Sources */ = {isa = PBXBuildFile; fileRef = 983DFEDC1CDB425600D39731 /* SwinjectStoryboardSpec.swift */; };
		983DFEEC1CDB425600D39731 /* Tabs.storyboard in Resources */ = {isa = PBXBuildFile; fileRef = 983DFEDD1CDB425600D39731 /* Tabs.storyboard */; };
		983DFEED1CDB425600D39731 /* Tabs.storyboard in Resources */ = {isa = PBXBuildFile; fileRef = 983DFEDD1CDB425600D39731 /* Tabs.storyboard */; };
		983DFEF71CDB426100D39731 /* Animals.storyboard in Resources */ = {isa = PBXBuildFile; fileRef = 983DFEEF1CDB426100D39731 /* Animals.storyboard */; };
		983DFEF81CDB426100D39731 /* AnimalViewController.swift in Sources */ = {isa = PBXBuildFile; fileRef = 983DFEF01CDB426100D39731 /* AnimalViewController.swift */; };
		983DFEF91CDB426100D39731 /* AnimalWindowController.swift in Sources */ = {isa = PBXBuildFile; fileRef = 983DFEF11CDB426100D39731 /* AnimalWindowController.swift */; };
		983DFEFA1CDB426100D39731 /* Storyboard1.storyboard in Resources */ = {isa = PBXBuildFile; fileRef = 983DFEF21CDB426100D39731 /* Storyboard1.storyboard */; };
		983DFEFB1CDB426100D39731 /* Storyboard2.storyboard in Resources */ = {isa = PBXBuildFile; fileRef = 983DFEF31CDB426100D39731 /* Storyboard2.storyboard */; };
		983DFEFC1CDB426100D39731 /* SwinjectStoryboardSpec.swift in Sources */ = {isa = PBXBuildFile; fileRef = 983DFEF41CDB426100D39731 /* SwinjectStoryboardSpec.swift */; };
		983DFEFD1CDB426100D39731 /* Tabs.storyboard in Resources */ = {isa = PBXBuildFile; fileRef = 983DFEF51CDB426100D39731 /* Tabs.storyboard */; };
		983DFEFE1CDB426100D39731 /* ViewController1.swift in Sources */ = {isa = PBXBuildFile; fileRef = 983DFEF61CDB426100D39731 /* ViewController1.swift */; };
		983DFF041CDB433A00D39731 /* AnimalType.swift in Sources */ = {isa = PBXBuildFile; fileRef = 983DFF021CDB433A00D39731 /* AnimalType.swift */; };
		983DFF051CDB433A00D39731 /* AnimalType.swift in Sources */ = {isa = PBXBuildFile; fileRef = 983DFF021CDB433A00D39731 /* AnimalType.swift */; };
		983DFF061CDB433A00D39731 /* AnimalType.swift in Sources */ = {isa = PBXBuildFile; fileRef = 983DFF021CDB433A00D39731 /* AnimalType.swift */; };
		983DFF071CDB433A00D39731 /* FoodType.swift in Sources */ = {isa = PBXBuildFile; fileRef = 983DFF031CDB433A00D39731 /* FoodType.swift */; };
		983DFF081CDB433A00D39731 /* FoodType.swift in Sources */ = {isa = PBXBuildFile; fileRef = 983DFF031CDB433A00D39731 /* FoodType.swift */; };
		983DFF091CDB433A00D39731 /* FoodType.swift in Sources */ = {isa = PBXBuildFile; fileRef = 983DFF031CDB433A00D39731 /* FoodType.swift */; };
		983DFF0B1CDB440800D39731 /* Box.swift in Sources */ = {isa = PBXBuildFile; fileRef = 983DFF0A1CDB440800D39731 /* Box.swift */; };
		983DFF0C1CDB440800D39731 /* Box.swift in Sources */ = {isa = PBXBuildFile; fileRef = 983DFF0A1CDB440800D39731 /* Box.swift */; };
		983DFF0D1CDB440800D39731 /* Box.swift in Sources */ = {isa = PBXBuildFile; fileRef = 983DFF0A1CDB440800D39731 /* Box.swift */; };
		983DFF0F1CDB444E00D39731 /* RegistrationNameAssociatable.swift in Sources */ = {isa = PBXBuildFile; fileRef = 983DFF0E1CDB444E00D39731 /* RegistrationNameAssociatable.swift */; };
		983DFF101CDB444E00D39731 /* RegistrationNameAssociatable.swift in Sources */ = {isa = PBXBuildFile; fileRef = 983DFF0E1CDB444E00D39731 /* RegistrationNameAssociatable.swift */; };
		983DFF111CDB444E00D39731 /* RegistrationNameAssociatable.swift in Sources */ = {isa = PBXBuildFile; fileRef = 983DFF0E1CDB444E00D39731 /* RegistrationNameAssociatable.swift */; };
		985315521CDB2CBF009E9FB7 /* SwinjectStoryboard.h in Headers */ = {isa = PBXBuildFile; fileRef = 985904091CDB0AA700275E4A /* SwinjectStoryboard.h */; settings = {ATTRIBUTES = (Public, ); }; };
		985315531CDB2CC0009E9FB7 /* SwinjectStoryboard.h in Headers */ = {isa = PBXBuildFile; fileRef = 985904091CDB0AA700275E4A /* SwinjectStoryboard.h */; settings = {ATTRIBUTES = (Public, ); }; };
		985315581CDB2DDD009E9FB7 /* SwinjectStoryboardTests.swift in Sources */ = {isa = PBXBuildFile; fileRef = 985904151CDB0AA700275E4A /* SwinjectStoryboardTests.swift */; };
		985315621CDB2DDE009E9FB7 /* SwinjectStoryboardTests.swift in Sources */ = {isa = PBXBuildFile; fileRef = 985904151CDB0AA700275E4A /* SwinjectStoryboardTests.swift */; };
		9859040A1CDB0AA700275E4A /* SwinjectStoryboard.h in Headers */ = {isa = PBXBuildFile; fileRef = 985904091CDB0AA700275E4A /* SwinjectStoryboard.h */; settings = {ATTRIBUTES = (Public, ); }; };
		985904111CDB0AA700275E4A /* SwinjectStoryboard.framework in Frameworks */ = {isa = PBXBuildFile; fileRef = 985904061CDB0AA700275E4A /* SwinjectStoryboard.framework */; };
		985904161CDB0AA700275E4A /* SwinjectStoryboardTests.swift in Sources */ = {isa = PBXBuildFile; fileRef = 985904151CDB0AA700275E4A /* SwinjectStoryboardTests.swift */; };
		98D562821CDB173500DECDC0 /* SwinjectStoryboard.framework in Frameworks */ = {isa = PBXBuildFile; fileRef = 98D562781CDB173500DECDC0 /* SwinjectStoryboard.framework */; };
		98D5629E1CDB19AB00DECDC0 /* SwinjectStoryboard.framework in Frameworks */ = {isa = PBXBuildFile; fileRef = 98D562941CDB19AB00DECDC0 /* SwinjectStoryboard.framework */; };
		98D563A61CDB29FA00DECDC0 /* Nimble.framework in Frameworks */ = {isa = PBXBuildFile; fileRef = 98D563791CDB28C700DECDC0 /* Nimble.framework */; };
		98D563A71CDB29FA00DECDC0 /* Quick.framework in Frameworks */ = {isa = PBXBuildFile; fileRef = 98D563971CDB28CE00DECDC0 /* Quick.framework */; };
		98D563AC1CDB2A2100DECDC0 /* Nimble.framework in Frameworks */ = {isa = PBXBuildFile; fileRef = 98D5637D1CDB28C700DECDC0 /* Nimble.framework */; };
		98D563AD1CDB2A2100DECDC0 /* Quick.framework in Frameworks */ = {isa = PBXBuildFile; fileRef = 98D563911CDB28CE00DECDC0 /* Quick.framework */; };
		98D563B21CDB2A3400DECDC0 /* Nimble.framework in Frameworks */ = {isa = PBXBuildFile; fileRef = 98D563811CDB28C700DECDC0 /* Nimble.framework */; };
		98D563B31CDB2A3400DECDC0 /* Quick.framework in Frameworks */ = {isa = PBXBuildFile; fileRef = 98D5639D1CDB28CE00DECDC0 /* Quick.framework */; };
		CD2C63A11D784F150075BC14 /* RelationshipReference1.storyboard in Resources */ = {isa = PBXBuildFile; fileRef = CD2C63A01D784F150075BC14 /* RelationshipReference1.storyboard */; };
		CD2C63A21D784F150075BC14 /* RelationshipReference1.storyboard in Resources */ = {isa = PBXBuildFile; fileRef = CD2C63A01D784F150075BC14 /* RelationshipReference1.storyboard */; };
		CD2C63A71D7856210075BC14 /* RelationshipReference2.storyboard in Resources */ = {isa = PBXBuildFile; fileRef = CD2C63A61D7856210075BC14 /* RelationshipReference2.storyboard */; };
		CD2C63A81D7856210075BC14 /* RelationshipReference2.storyboard in Resources */ = {isa = PBXBuildFile; fileRef = CD2C63A61D7856210075BC14 /* RelationshipReference2.storyboard */; };
		CD2C63AA1D7864840075BC14 /* SwinjectStoryboard+StoryboardReference.swift in Sources */ = {isa = PBXBuildFile; fileRef = CD2C63A91D7864840075BC14 /* SwinjectStoryboard+StoryboardReference.swift */; };
		CD2C63AB1D7864840075BC14 /* SwinjectStoryboard+StoryboardReference.swift in Sources */ = {isa = PBXBuildFile; fileRef = CD2C63A91D7864840075BC14 /* SwinjectStoryboard+StoryboardReference.swift */; };
		CD2C63AD1D786C1F0075BC14 /* RelationshipReference1.storyboard in Resources */ = {isa = PBXBuildFile; fileRef = CD2C63AC1D786C1F0075BC14 /* RelationshipReference1.storyboard */; };
		CD2C63AF1D786CD70075BC14 /* RelationshipReference2.storyboard in Resources */ = {isa = PBXBuildFile; fileRef = CD2C63AE1D786CD70075BC14 /* RelationshipReference2.storyboard */; };
		CD2C63B01D786D6B0075BC14 /* SwinjectStoryboard+StoryboardReference.swift in Sources */ = {isa = PBXBuildFile; fileRef = CD2C63A91D7864840075BC14 /* SwinjectStoryboard+StoryboardReference.swift */; };
/* End PBXBuildFile section */

/* Begin PBXContainerItemProxy section */
		983DFE631CDB38F000D39731 /* PBXContainerItemProxy */ = {
			isa = PBXContainerItemProxy;
			containerPortal = 983DFE4E1CDB38F000D39731 /* Swinject.xcodeproj */;
			proxyType = 2;
			remoteGlobalIDString = 981ABE811B5FC9DF00294975;
			remoteInfo = "Swinject-iOS";
		};
		983DFE651CDB38F000D39731 /* PBXContainerItemProxy */ = {
			isa = PBXContainerItemProxy;
			containerPortal = 983DFE4E1CDB38F000D39731 /* Swinject.xcodeproj */;
			proxyType = 2;
			remoteGlobalIDString = 981ABE8B1B5FC9DF00294975;
			remoteInfo = "Swinject-iOSTests";
		};
		983DFE671CDB38F000D39731 /* PBXContainerItemProxy */ = {
			isa = PBXContainerItemProxy;
			containerPortal = 983DFE4E1CDB38F000D39731 /* Swinject.xcodeproj */;
			proxyType = 2;
			remoteGlobalIDString = 981899BC1B5FE63F00C702D0;
			remoteInfo = "Swinject-OSX";
		};
		983DFE691CDB38F000D39731 /* PBXContainerItemProxy */ = {
			isa = PBXContainerItemProxy;
			containerPortal = 983DFE4E1CDB38F000D39731 /* Swinject.xcodeproj */;
			proxyType = 2;
			remoteGlobalIDString = 981899C51B5FE63F00C702D0;
			remoteInfo = "Swinject-OSXTests";
		};
		983DFE6B1CDB38F000D39731 /* PBXContainerItemProxy */ = {
			isa = PBXContainerItemProxy;
			containerPortal = 983DFE4E1CDB38F000D39731 /* Swinject.xcodeproj */;
			proxyType = 2;
			remoteGlobalIDString = 985010C61BBE76D400A2CCFC;
			remoteInfo = "Swinject-watchOS";
		};
		983DFE6D1CDB38F000D39731 /* PBXContainerItemProxy */ = {
			isa = PBXContainerItemProxy;
			containerPortal = 983DFE4E1CDB38F000D39731 /* Swinject.xcodeproj */;
			proxyType = 2;
			remoteGlobalIDString = 98689C7F1BBFC7A50005C6D3;
			remoteInfo = "Swinject-tvOS";
		};
		983DFE6F1CDB38F000D39731 /* PBXContainerItemProxy */ = {
			isa = PBXContainerItemProxy;
			containerPortal = 983DFE4E1CDB38F000D39731 /* Swinject.xcodeproj */;
			proxyType = 2;
			remoteGlobalIDString = 98689C881BBFC7A60005C6D3;
			remoteInfo = "Swinject-tvOSTests";
		};
		983DFE721CDB3A7300D39731 /* PBXContainerItemProxy */ = {
			isa = PBXContainerItemProxy;
			containerPortal = 983DFE4E1CDB38F000D39731 /* Swinject.xcodeproj */;
			proxyType = 1;
			remoteGlobalIDString = 981ABE801B5FC9DF00294975;
			remoteInfo = "Swinject-iOS";
		};
		983DFE761CDB3A9700D39731 /* PBXContainerItemProxy */ = {
			isa = PBXContainerItemProxy;
			containerPortal = 983DFE4E1CDB38F000D39731 /* Swinject.xcodeproj */;
			proxyType = 1;
			remoteGlobalIDString = 981899BB1B5FE63F00C702D0;
			remoteInfo = "Swinject-OSX";
		};
		983DFE781CDB3AA000D39731 /* PBXContainerItemProxy */ = {
			isa = PBXContainerItemProxy;
			containerPortal = 983DFE4E1CDB38F000D39731 /* Swinject.xcodeproj */;
			proxyType = 1;
			remoteGlobalIDString = 98689C7E1BBFC7A50005C6D3;
			remoteInfo = "Swinject-tvOS";
		};
		985315501CDB2C1D009E9FB7 /* PBXContainerItemProxy */ = {
			isa = PBXContainerItemProxy;
			containerPortal = 98D563841CDB28CE00DECDC0 /* Quick.xcodeproj */;
			proxyType = 1;
			remoteGlobalIDString = 5A5D117B19473F2100F6D13D;
			remoteInfo = "Quick-iOS";
		};
		985904121CDB0AA700275E4A /* PBXContainerItemProxy */ = {
			isa = PBXContainerItemProxy;
			containerPortal = 985903FD1CDB0AA700275E4A /* Project object */;
			proxyType = 1;
			remoteGlobalIDString = 985904051CDB0AA700275E4A;
			remoteInfo = SwinjectStoryboard;
		};
		98D562831CDB173500DECDC0 /* PBXContainerItemProxy */ = {
			isa = PBXContainerItemProxy;
			containerPortal = 985903FD1CDB0AA700275E4A /* Project object */;
			proxyType = 1;
			remoteGlobalIDString = 98D562771CDB173500DECDC0;
			remoteInfo = SwinjectStoryboard;
		};
		98D5629F1CDB19AB00DECDC0 /* PBXContainerItemProxy */ = {
			isa = PBXContainerItemProxy;
			containerPortal = 985903FD1CDB0AA700275E4A /* Project object */;
			proxyType = 1;
			remoteGlobalIDString = 98D562931CDB19AB00DECDC0;
			remoteInfo = SwinjectStoryboard;
		};
		98D563781CDB28C700DECDC0 /* PBXContainerItemProxy */ = {
			isa = PBXContainerItemProxy;
			containerPortal = 98D5636F1CDB28C700DECDC0 /* Nimble.xcodeproj */;
			proxyType = 2;
			remoteGlobalIDString = 1F1A74291940169200FFFC47;
			remoteInfo = "Nimble-iOS";
		};
		98D5637A1CDB28C700DECDC0 /* PBXContainerItemProxy */ = {
			isa = PBXContainerItemProxy;
			containerPortal = 98D5636F1CDB28C700DECDC0 /* Nimble.xcodeproj */;
			proxyType = 2;
			remoteGlobalIDString = 1F1A74341940169200FFFC47;
			remoteInfo = "Nimble-iOSTests";
		};
		98D5637C1CDB28C700DECDC0 /* PBXContainerItemProxy */ = {
			isa = PBXContainerItemProxy;
			containerPortal = 98D5636F1CDB28C700DECDC0 /* Nimble.xcodeproj */;
			proxyType = 2;
			remoteGlobalIDString = 1F925EAD195C0D6300ED456B;
			remoteInfo = "Nimble-OSX";
		};
		98D5637E1CDB28C700DECDC0 /* PBXContainerItemProxy */ = {
			isa = PBXContainerItemProxy;
			containerPortal = 98D5636F1CDB28C700DECDC0 /* Nimble.xcodeproj */;
			proxyType = 2;
			remoteGlobalIDString = 1F925EB7195C0D6300ED456B;
			remoteInfo = "Nimble-OSXTests";
		};
		98D563801CDB28C700DECDC0 /* PBXContainerItemProxy */ = {
			isa = PBXContainerItemProxy;
			containerPortal = 98D5636F1CDB28C700DECDC0 /* Nimble.xcodeproj */;
			proxyType = 2;
			remoteGlobalIDString = 1F5DF1551BDCA0CE00C3A531;
			remoteInfo = "Nimble-tvOS";
		};
		98D563821CDB28C700DECDC0 /* PBXContainerItemProxy */ = {
			isa = PBXContainerItemProxy;
			containerPortal = 98D5636F1CDB28C700DECDC0 /* Nimble.xcodeproj */;
			proxyType = 2;
			remoteGlobalIDString = 1F5DF15E1BDCA0CE00C3A531;
			remoteInfo = "Nimble-tvOSTests";
		};
		98D563901CDB28CE00DECDC0 /* PBXContainerItemProxy */ = {
			isa = PBXContainerItemProxy;
			containerPortal = 98D563841CDB28CE00DECDC0 /* Quick.xcodeproj */;
			proxyType = 2;
			remoteGlobalIDString = DAEB6B8E1943873100289F44;
			remoteInfo = "Quick-OSX";
		};
		98D563921CDB28CE00DECDC0 /* PBXContainerItemProxy */ = {
			isa = PBXContainerItemProxy;
			containerPortal = 98D563841CDB28CE00DECDC0 /* Quick.xcodeproj */;
			proxyType = 2;
			remoteGlobalIDString = DAEB6B991943873100289F44;
			remoteInfo = "Quick-OSXTests";
		};
		98D563941CDB28CE00DECDC0 /* PBXContainerItemProxy */ = {
			isa = PBXContainerItemProxy;
			containerPortal = 98D563841CDB28CE00DECDC0 /* Quick.xcodeproj */;
			proxyType = 2;
			remoteGlobalIDString = DA5663E81A4C8D8500193C88;
			remoteInfo = "QuickFocused-OSXTests";
		};
		98D563961CDB28CE00DECDC0 /* PBXContainerItemProxy */ = {
			isa = PBXContainerItemProxy;
			containerPortal = 98D563841CDB28CE00DECDC0 /* Quick.xcodeproj */;
			proxyType = 2;
			remoteGlobalIDString = 5A5D117C19473F2100F6D13D;
			remoteInfo = "Quick-iOS";
		};
		98D563981CDB28CE00DECDC0 /* PBXContainerItemProxy */ = {
			isa = PBXContainerItemProxy;
			containerPortal = 98D563841CDB28CE00DECDC0 /* Quick.xcodeproj */;
			proxyType = 2;
			remoteGlobalIDString = 5A5D118619473F2100F6D13D;
			remoteInfo = "Quick-iOSTests";
		};
		98D5639A1CDB28CE00DECDC0 /* PBXContainerItemProxy */ = {
			isa = PBXContainerItemProxy;
			containerPortal = 98D563841CDB28CE00DECDC0 /* Quick.xcodeproj */;
			proxyType = 2;
			remoteGlobalIDString = DA9876B21A4C70EB0004AA17;
			remoteInfo = "QuickFocused-iOSTests";
		};
		98D5639C1CDB28CE00DECDC0 /* PBXContainerItemProxy */ = {
			isa = PBXContainerItemProxy;
			containerPortal = 98D563841CDB28CE00DECDC0 /* Quick.xcodeproj */;
			proxyType = 2;
			remoteGlobalIDString = 1F118CD51BDCA4AB005013A2;
			remoteInfo = "Quick-tvOS";
		};
		98D5639E1CDB28CE00DECDC0 /* PBXContainerItemProxy */ = {
			isa = PBXContainerItemProxy;
			containerPortal = 98D563841CDB28CE00DECDC0 /* Quick.xcodeproj */;
			proxyType = 2;
			remoteGlobalIDString = 1F118CDE1BDCA4AB005013A2;
			remoteInfo = "Quick-tvOSTests";
		};
		98D563A01CDB28CE00DECDC0 /* PBXContainerItemProxy */ = {
			isa = PBXContainerItemProxy;
			containerPortal = 98D563841CDB28CE00DECDC0 /* Quick.xcodeproj */;
			proxyType = 2;
			remoteGlobalIDString = 1F118CF01BDCA4BB005013A2;
			remoteInfo = "QuickFocused-tvOSTests";
		};
		98D563A21CDB29D700DECDC0 /* PBXContainerItemProxy */ = {
			isa = PBXContainerItemProxy;
			containerPortal = 98D5636F1CDB28C700DECDC0 /* Nimble.xcodeproj */;
			proxyType = 1;
			remoteGlobalIDString = 1F1A74281940169200FFFC47;
			remoteInfo = "Nimble-iOS";
		};
		98D563A81CDB2A0400DECDC0 /* PBXContainerItemProxy */ = {
			isa = PBXContainerItemProxy;
			containerPortal = 98D5636F1CDB28C700DECDC0 /* Nimble.xcodeproj */;
			proxyType = 1;
			remoteGlobalIDString = 1F925EAC195C0D6300ED456B;
			remoteInfo = "Nimble-OSX";
		};
		98D563AA1CDB2A0400DECDC0 /* PBXContainerItemProxy */ = {
			isa = PBXContainerItemProxy;
			containerPortal = 98D563841CDB28CE00DECDC0 /* Quick.xcodeproj */;
			proxyType = 1;
			remoteGlobalIDString = DAEB6B8D1943873100289F44;
			remoteInfo = "Quick-OSX";
		};
		98D563AE1CDB2A2A00DECDC0 /* PBXContainerItemProxy */ = {
			isa = PBXContainerItemProxy;
			containerPortal = 98D5636F1CDB28C700DECDC0 /* Nimble.xcodeproj */;
			proxyType = 1;
			remoteGlobalIDString = 1F5DF1541BDCA0CE00C3A531;
			remoteInfo = "Nimble-tvOS";
		};
		98D563B01CDB2A2A00DECDC0 /* PBXContainerItemProxy */ = {
			isa = PBXContainerItemProxy;
			containerPortal = 98D563841CDB28CE00DECDC0 /* Quick.xcodeproj */;
			proxyType = 1;
			remoteGlobalIDString = 1F118CD41BDCA4AB005013A2;
			remoteInfo = "Quick-tvOS";
		};
/* End PBXContainerItemProxy section */

/* Begin PBXFileReference section */
		983DFE4E1CDB38F000D39731 /* Swinject.xcodeproj */ = {isa = PBXFileReference; lastKnownFileType = "wrapper.pb-project"; name = Swinject.xcodeproj; path = Carthage/Checkouts/Swinject/Swinject.xcodeproj; sourceTree = "<group>"; };
		983DFE9F1CDB410D00D39731 /* Container+SwinjectStoryboard.swift */ = {isa = PBXFileReference; fileEncoding = 4; lastKnownFileType = sourcecode.swift; path = "Container+SwinjectStoryboard.swift"; sourceTree = "<group>"; };
		983DFEA01CDB410D00D39731 /* Storyboard+Swizzling.swift */ = {isa = PBXFileReference; fileEncoding = 4; lastKnownFileType = sourcecode.swift; path = "Storyboard+Swizzling.swift"; sourceTree = "<group>"; };
		983DFEA11CDB410D00D39731 /* SwinjectStoryboard.swift */ = {isa = PBXFileReference; fileEncoding = 4; lastKnownFileType = sourcecode.swift; path = SwinjectStoryboard.swift; sourceTree = "<group>"; };
		983DFEA21CDB410D00D39731 /* SwinjectStoryboardOption.swift */ = {isa = PBXFileReference; fileEncoding = 4; lastKnownFileType = sourcecode.swift; path = SwinjectStoryboardOption.swift; sourceTree = "<group>"; };
		983DFEA31CDB410D00D39731 /* SwinjectStoryboardType.swift */ = {isa = PBXFileReference; fileEncoding = 4; lastKnownFileType = sourcecode.swift; path = SwinjectStoryboardType.swift; sourceTree = "<group>"; };
		983DFEA41CDB410D00D39731 /* ViewController+Swinject.swift */ = {isa = PBXFileReference; fileEncoding = 4; lastKnownFileType = sourcecode.swift; path = "ViewController+Swinject.swift"; sourceTree = "<group>"; };
		983DFEBA1CDB414900D39731 /* _SwinjectStoryboardBase.h */ = {isa = PBXFileReference; fileEncoding = 4; lastKnownFileType = sourcecode.c.h; path = _SwinjectStoryboardBase.h; sourceTree = "<group>"; };
		983DFEBB1CDB414900D39731 /* _SwinjectStoryboardBase.m */ = {isa = PBXFileReference; fileEncoding = 4; lastKnownFileType = sourcecode.c.objc; path = _SwinjectStoryboardBase.m; sourceTree = "<group>"; };
		983DFEC11CDB415300D39731 /* _SwinjectStoryboardBase.h */ = {isa = PBXFileReference; fileEncoding = 4; lastKnownFileType = sourcecode.c.h; path = _SwinjectStoryboardBase.h; sourceTree = "<group>"; };
		983DFEC21CDB415300D39731 /* _SwinjectStoryboardBase.m */ = {isa = PBXFileReference; fileEncoding = 4; lastKnownFileType = sourcecode.c.objc; path = _SwinjectStoryboardBase.m; sourceTree = "<group>"; };
		983DFEC51CDB423800D39731 /* Container+SwinjectStoryboardSpec.swift */ = {isa = PBXFileReference; fileEncoding = 4; lastKnownFileType = sourcecode.swift; path = "Container+SwinjectStoryboardSpec.swift"; sourceTree = "<group>"; };
		983DFEC61CDB423800D39731 /* NSWindowController+SwinjectSpec.swift */ = {isa = PBXFileReference; fileEncoding = 4; lastKnownFileType = sourcecode.swift; path = "NSWindowController+SwinjectSpec.swift"; sourceTree = "<group>"; };
		983DFEC71CDB423800D39731 /* Storyboard+SwizzlingSpec.swift */ = {isa = PBXFileReference; fileEncoding = 4; lastKnownFileType = sourcecode.swift; path = "Storyboard+SwizzlingSpec.swift"; sourceTree = "<group>"; };
		983DFEC81CDB423800D39731 /* ViewController+SwinjectSpec.swift */ = {isa = PBXFileReference; fileEncoding = 4; lastKnownFileType = sourcecode.swift; path = "ViewController+SwinjectSpec.swift"; sourceTree = "<group>"; };
		983DFED61CDB425600D39731 /* AnimalPlayerViewController.storyboard */ = {isa = PBXFileReference; fileEncoding = 4; lastKnownFileType = file.storyboard; path = AnimalPlayerViewController.storyboard; sourceTree = "<group>"; };
		983DFED71CDB425600D39731 /* AnimalPlayerViewController.swift */ = {isa = PBXFileReference; fileEncoding = 4; lastKnownFileType = sourcecode.swift; path = AnimalPlayerViewController.swift; sourceTree = "<group>"; };
		983DFED81CDB425600D39731 /* Animals.storyboard */ = {isa = PBXFileReference; fileEncoding = 4; lastKnownFileType = file.storyboard; path = Animals.storyboard; sourceTree = "<group>"; };
		983DFED91CDB425600D39731 /* AnimalViewController.swift */ = {isa = PBXFileReference; fileEncoding = 4; lastKnownFileType = sourcecode.swift; path = AnimalViewController.swift; sourceTree = "<group>"; };
		983DFEDA1CDB425600D39731 /* Storyboard1.storyboard */ = {isa = PBXFileReference; fileEncoding = 4; lastKnownFileType = file.storyboard; path = Storyboard1.storyboard; sourceTree = "<group>"; };
		983DFEDB1CDB425600D39731 /* Storyboard2.storyboard */ = {isa = PBXFileReference; fileEncoding = 4; lastKnownFileType = file.storyboard; path = Storyboard2.storyboard; sourceTree = "<group>"; };
		983DFEDC1CDB425600D39731 /* SwinjectStoryboardSpec.swift */ = {isa = PBXFileReference; fileEncoding = 4; lastKnownFileType = sourcecode.swift; path = SwinjectStoryboardSpec.swift; sourceTree = "<group>"; };
		983DFEDD1CDB425600D39731 /* Tabs.storyboard */ = {isa = PBXFileReference; fileEncoding = 4; lastKnownFileType = file.storyboard; path = Tabs.storyboard; sourceTree = "<group>"; };
		983DFEEF1CDB426100D39731 /* Animals.storyboard */ = {isa = PBXFileReference; fileEncoding = 4; lastKnownFileType = file.storyboard; path = Animals.storyboard; sourceTree = "<group>"; };
		983DFEF01CDB426100D39731 /* AnimalViewController.swift */ = {isa = PBXFileReference; fileEncoding = 4; lastKnownFileType = sourcecode.swift; path = AnimalViewController.swift; sourceTree = "<group>"; };
		983DFEF11CDB426100D39731 /* AnimalWindowController.swift */ = {isa = PBXFileReference; fileEncoding = 4; lastKnownFileType = sourcecode.swift; path = AnimalWindowController.swift; sourceTree = "<group>"; };
		983DFEF21CDB426100D39731 /* Storyboard1.storyboard */ = {isa = PBXFileReference; fileEncoding = 4; lastKnownFileType = file.storyboard; path = Storyboard1.storyboard; sourceTree = "<group>"; };
		983DFEF31CDB426100D39731 /* Storyboard2.storyboard */ = {isa = PBXFileReference; fileEncoding = 4; lastKnownFileType = file.storyboard; path = Storyboard2.storyboard; sourceTree = "<group>"; };
		983DFEF41CDB426100D39731 /* SwinjectStoryboardSpec.swift */ = {isa = PBXFileReference; fileEncoding = 4; lastKnownFileType = sourcecode.swift; path = SwinjectStoryboardSpec.swift; sourceTree = "<group>"; };
		983DFEF51CDB426100D39731 /* Tabs.storyboard */ = {isa = PBXFileReference; fileEncoding = 4; lastKnownFileType = file.storyboard; path = Tabs.storyboard; sourceTree = "<group>"; };
		983DFEF61CDB426100D39731 /* ViewController1.swift */ = {isa = PBXFileReference; fileEncoding = 4; lastKnownFileType = sourcecode.swift; path = ViewController1.swift; sourceTree = "<group>"; };
		983DFF021CDB433A00D39731 /* AnimalType.swift */ = {isa = PBXFileReference; fileEncoding = 4; lastKnownFileType = sourcecode.swift; path = AnimalType.swift; sourceTree = "<group>"; };
		983DFF031CDB433A00D39731 /* FoodType.swift */ = {isa = PBXFileReference; fileEncoding = 4; lastKnownFileType = sourcecode.swift; path = FoodType.swift; sourceTree = "<group>"; };
		983DFF0A1CDB440800D39731 /* Box.swift */ = {isa = PBXFileReference; fileEncoding = 4; lastKnownFileType = sourcecode.swift; path = Box.swift; sourceTree = "<group>"; };
		983DFF0E1CDB444E00D39731 /* RegistrationNameAssociatable.swift */ = {isa = PBXFileReference; fileEncoding = 4; lastKnownFileType = sourcecode.swift; path = RegistrationNameAssociatable.swift; sourceTree = "<group>"; };
		985904061CDB0AA700275E4A /* SwinjectStoryboard.framework */ = {isa = PBXFileReference; explicitFileType = wrapper.framework; includeInIndex = 0; path = SwinjectStoryboard.framework; sourceTree = BUILT_PRODUCTS_DIR; };
		985904091CDB0AA700275E4A /* SwinjectStoryboard.h */ = {isa = PBXFileReference; lastKnownFileType = sourcecode.c.h; path = SwinjectStoryboard.h; sourceTree = "<group>"; };
		9859040B1CDB0AA700275E4A /* Info.plist */ = {isa = PBXFileReference; lastKnownFileType = text.plist.xml; path = Info.plist; sourceTree = "<group>"; };
		985904101CDB0AA700275E4A /* SwinjectStoryboardTests.xctest */ = {isa = PBXFileReference; explicitFileType = wrapper.cfbundle; includeInIndex = 0; path = SwinjectStoryboardTests.xctest; sourceTree = BUILT_PRODUCTS_DIR; };
		985904151CDB0AA700275E4A /* SwinjectStoryboardTests.swift */ = {isa = PBXFileReference; lastKnownFileType = sourcecode.swift; path = SwinjectStoryboardTests.swift; sourceTree = "<group>"; };
		985904171CDB0AA700275E4A /* Info.plist */ = {isa = PBXFileReference; lastKnownFileType = text.plist.xml; path = Info.plist; sourceTree = "<group>"; };
		98D562781CDB173500DECDC0 /* SwinjectStoryboard.framework */ = {isa = PBXFileReference; explicitFileType = wrapper.framework; includeInIndex = 0; path = SwinjectStoryboard.framework; sourceTree = BUILT_PRODUCTS_DIR; };
		98D562811CDB173500DECDC0 /* SwinjectStoryboardTests.xctest */ = {isa = PBXFileReference; explicitFileType = wrapper.cfbundle; includeInIndex = 0; path = SwinjectStoryboardTests.xctest; sourceTree = BUILT_PRODUCTS_DIR; };
		98D562941CDB19AB00DECDC0 /* SwinjectStoryboard.framework */ = {isa = PBXFileReference; explicitFileType = wrapper.framework; includeInIndex = 0; path = SwinjectStoryboard.framework; sourceTree = BUILT_PRODUCTS_DIR; };
		98D5629D1CDB19AB00DECDC0 /* SwinjectStoryboardTests.xctest */ = {isa = PBXFileReference; explicitFileType = wrapper.cfbundle; includeInIndex = 0; path = SwinjectStoryboardTests.xctest; sourceTree = BUILT_PRODUCTS_DIR; };
		98D562B21CDB1E8800DECDC0 /* Common.xcconfig */ = {isa = PBXFileReference; fileEncoding = 4; lastKnownFileType = text.xcconfig; path = Common.xcconfig; sourceTree = "<group>"; };
		98D562B41CDB1E8800DECDC0 /* Debug.xcconfig */ = {isa = PBXFileReference; fileEncoding = 4; lastKnownFileType = text.xcconfig; path = Debug.xcconfig; sourceTree = "<group>"; };
		98D562B51CDB1E8800DECDC0 /* Profile.xcconfig */ = {isa = PBXFileReference; fileEncoding = 4; lastKnownFileType = text.xcconfig; path = Profile.xcconfig; sourceTree = "<group>"; };
		98D562B61CDB1E8800DECDC0 /* Release.xcconfig */ = {isa = PBXFileReference; fileEncoding = 4; lastKnownFileType = text.xcconfig; path = Release.xcconfig; sourceTree = "<group>"; };
		98D562B71CDB1E8800DECDC0 /* Test.xcconfig */ = {isa = PBXFileReference; fileEncoding = 4; lastKnownFileType = text.xcconfig; path = Test.xcconfig; sourceTree = "<group>"; };
		98D562B91CDB1E8800DECDC0 /* Application.xcconfig */ = {isa = PBXFileReference; fileEncoding = 4; lastKnownFileType = text.xcconfig; path = Application.xcconfig; sourceTree = "<group>"; };
		98D562BA1CDB1E8800DECDC0 /* Framework.xcconfig */ = {isa = PBXFileReference; fileEncoding = 4; lastKnownFileType = text.xcconfig; path = Framework.xcconfig; sourceTree = "<group>"; };
		98D562BB1CDB1E8800DECDC0 /* StaticLibrary.xcconfig */ = {isa = PBXFileReference; fileEncoding = 4; lastKnownFileType = text.xcconfig; path = StaticLibrary.xcconfig; sourceTree = "<group>"; };
		98D562BD1CDB1E8800DECDC0 /* iOS-Application.xcconfig */ = {isa = PBXFileReference; fileEncoding = 4; lastKnownFileType = text.xcconfig; path = "iOS-Application.xcconfig"; sourceTree = "<group>"; };
		98D562BE1CDB1E8800DECDC0 /* iOS-Base.xcconfig */ = {isa = PBXFileReference; fileEncoding = 4; lastKnownFileType = text.xcconfig; path = "iOS-Base.xcconfig"; sourceTree = "<group>"; };
		98D562BF1CDB1E8800DECDC0 /* iOS-Framework.xcconfig */ = {isa = PBXFileReference; fileEncoding = 4; lastKnownFileType = text.xcconfig; path = "iOS-Framework.xcconfig"; sourceTree = "<group>"; };
		98D562C01CDB1E8800DECDC0 /* iOS-StaticLibrary.xcconfig */ = {isa = PBXFileReference; fileEncoding = 4; lastKnownFileType = text.xcconfig; path = "iOS-StaticLibrary.xcconfig"; sourceTree = "<group>"; };
		98D562C21CDB1E8800DECDC0 /* Mac-Application.xcconfig */ = {isa = PBXFileReference; fileEncoding = 4; lastKnownFileType = text.xcconfig; path = "Mac-Application.xcconfig"; sourceTree = "<group>"; };
		98D562C31CDB1E8800DECDC0 /* Mac-Base.xcconfig */ = {isa = PBXFileReference; fileEncoding = 4; lastKnownFileType = text.xcconfig; path = "Mac-Base.xcconfig"; sourceTree = "<group>"; };
		98D562C41CDB1E8800DECDC0 /* Mac-DynamicLibrary.xcconfig */ = {isa = PBXFileReference; fileEncoding = 4; lastKnownFileType = text.xcconfig; path = "Mac-DynamicLibrary.xcconfig"; sourceTree = "<group>"; };
		98D562C51CDB1E8800DECDC0 /* Mac-Framework.xcconfig */ = {isa = PBXFileReference; fileEncoding = 4; lastKnownFileType = text.xcconfig; path = "Mac-Framework.xcconfig"; sourceTree = "<group>"; };
		98D562C61CDB1E8800DECDC0 /* Mac-StaticLibrary.xcconfig */ = {isa = PBXFileReference; fileEncoding = 4; lastKnownFileType = text.xcconfig; path = "Mac-StaticLibrary.xcconfig"; sourceTree = "<group>"; };
		98D562C91CDB1E8800DECDC0 /* tvOS-Application.xcconfig */ = {isa = PBXFileReference; fileEncoding = 4; lastKnownFileType = text.xcconfig; path = "tvOS-Application.xcconfig"; sourceTree = "<group>"; };
		98D562CA1CDB1E8800DECDC0 /* tvOS-Base.xcconfig */ = {isa = PBXFileReference; fileEncoding = 4; lastKnownFileType = text.xcconfig; path = "tvOS-Base.xcconfig"; sourceTree = "<group>"; };
		98D562CB1CDB1E8800DECDC0 /* tvOS-Framework.xcconfig */ = {isa = PBXFileReference; fileEncoding = 4; lastKnownFileType = text.xcconfig; path = "tvOS-Framework.xcconfig"; sourceTree = "<group>"; };
		98D562CC1CDB1E8800DECDC0 /* tvOS-StaticLibrary.xcconfig */ = {isa = PBXFileReference; fileEncoding = 4; lastKnownFileType = text.xcconfig; path = "tvOS-StaticLibrary.xcconfig"; sourceTree = "<group>"; };
		98D5636F1CDB28C700DECDC0 /* Nimble.xcodeproj */ = {isa = PBXFileReference; lastKnownFileType = "wrapper.pb-project"; name = Nimble.xcodeproj; path = Carthage/Checkouts/Nimble/Nimble.xcodeproj; sourceTree = "<group>"; };
		98D563841CDB28CE00DECDC0 /* Quick.xcodeproj */ = {isa = PBXFileReference; lastKnownFileType = "wrapper.pb-project"; name = Quick.xcodeproj; path = Carthage/Checkouts/Quick/Quick.xcodeproj; sourceTree = "<group>"; };
		CD2C63A01D784F150075BC14 /* RelationshipReference1.storyboard */ = {isa = PBXFileReference; fileEncoding = 4; lastKnownFileType = file.storyboard; path = RelationshipReference1.storyboard; sourceTree = "<group>"; };
		CD2C63A61D7856210075BC14 /* RelationshipReference2.storyboard */ = {isa = PBXFileReference; fileEncoding = 4; lastKnownFileType = file.storyboard; path = RelationshipReference2.storyboard; sourceTree = "<group>"; };
		CD2C63A91D7864840075BC14 /* SwinjectStoryboard+StoryboardReference.swift */ = {isa = PBXFileReference; fileEncoding = 4; lastKnownFileType = sourcecode.swift; path = "SwinjectStoryboard+StoryboardReference.swift"; sourceTree = "<group>"; };
		CD2C63AC1D786C1F0075BC14 /* RelationshipReference1.storyboard */ = {isa = PBXFileReference; fileEncoding = 4; lastKnownFileType = file.storyboard; path = RelationshipReference1.storyboard; sourceTree = "<group>"; };
		CD2C63AE1D786CD70075BC14 /* RelationshipReference2.storyboard */ = {isa = PBXFileReference; fileEncoding = 4; lastKnownFileType = file.storyboard; path = RelationshipReference2.storyboard; sourceTree = "<group>"; };
/* End PBXFileReference section */

/* Begin PBXFrameworksBuildPhase section */
		985904021CDB0AA700275E4A /* Frameworks */ = {
			isa = PBXFrameworksBuildPhase;
			buildActionMask = 2147483647;
			files = (
				983DFE7A1CDB3AA600D39731 /* Swinject.framework in Frameworks */,
			);
			runOnlyForDeploymentPostprocessing = 0;
		};
		9859040D1CDB0AA700275E4A /* Frameworks */ = {
			isa = PBXFrameworksBuildPhase;
			buildActionMask = 2147483647;
			files = (
				98D563A61CDB29FA00DECDC0 /* Nimble.framework in Frameworks */,
				98D563A71CDB29FA00DECDC0 /* Quick.framework in Frameworks */,
				985904111CDB0AA700275E4A /* SwinjectStoryboard.framework in Frameworks */,
			);
			runOnlyForDeploymentPostprocessing = 0;
		};
		98D562741CDB173500DECDC0 /* Frameworks */ = {
			isa = PBXFrameworksBuildPhase;
			buildActionMask = 2147483647;
			files = (
				983DFE751CDB3A8E00D39731 /* Swinject.framework in Frameworks */,
			);
			runOnlyForDeploymentPostprocessing = 0;
		};
		98D5627E1CDB173500DECDC0 /* Frameworks */ = {
			isa = PBXFrameworksBuildPhase;
			buildActionMask = 2147483647;
			files = (
				98D563AC1CDB2A2100DECDC0 /* Nimble.framework in Frameworks */,
				98D563AD1CDB2A2100DECDC0 /* Quick.framework in Frameworks */,
				98D562821CDB173500DECDC0 /* SwinjectStoryboard.framework in Frameworks */,
			);
			runOnlyForDeploymentPostprocessing = 0;
		};
		98D562901CDB19AB00DECDC0 /* Frameworks */ = {
			isa = PBXFrameworksBuildPhase;
			buildActionMask = 2147483647;
			files = (
				983DFE741CDB3A8000D39731 /* Swinject.framework in Frameworks */,
			);
			runOnlyForDeploymentPostprocessing = 0;
		};
		98D5629A1CDB19AB00DECDC0 /* Frameworks */ = {
			isa = PBXFrameworksBuildPhase;
			buildActionMask = 2147483647;
			files = (
				98D563B21CDB2A3400DECDC0 /* Nimble.framework in Frameworks */,
				98D563B31CDB2A3400DECDC0 /* Quick.framework in Frameworks */,
				98D5629E1CDB19AB00DECDC0 /* SwinjectStoryboard.framework in Frameworks */,
			);
			runOnlyForDeploymentPostprocessing = 0;
		};
/* End PBXFrameworksBuildPhase section */

/* Begin PBXGroup section */
		983DFE4F1CDB38F000D39731 /* Products */ = {
			isa = PBXGroup;
			children = (
				983DFE641CDB38F000D39731 /* Swinject.framework */,
				983DFE661CDB38F000D39731 /* SwinjectTests.xctest */,
				983DFE681CDB38F000D39731 /* Swinject.framework */,
				983DFE6A1CDB38F000D39731 /* SwinjectTests.xctest */,
				983DFE6C1CDB38F000D39731 /* Swinject.framework */,
				983DFE6E1CDB38F000D39731 /* Swinject.framework */,
				983DFE701CDB38F000D39731 /* SwinjectTests.xctest */,
			);
			name = Products;
			sourceTree = "<group>";
		};
		983DFEB91CDB414900D39731 /* iOS-tvOS */ = {
			isa = PBXGroup;
			children = (
				983DFEBA1CDB414900D39731 /* _SwinjectStoryboardBase.h */,
				983DFEBB1CDB414900D39731 /* _SwinjectStoryboardBase.m */,
			);
			path = "iOS-tvOS";
			sourceTree = "<group>";
		};
		983DFEC01CDB415300D39731 /* OSX */ = {
			isa = PBXGroup;
			children = (
				983DFEC11CDB415300D39731 /* _SwinjectStoryboardBase.h */,
				983DFEC21CDB415300D39731 /* _SwinjectStoryboardBase.m */,
			);
			path = OSX;
			sourceTree = "<group>";
		};
		983DFED51CDB425600D39731 /* iOS-tvOS */ = {
			isa = PBXGroup;
			children = (
				983DFF001CDB429000D39731 /* Fakes */,
				983DFEDC1CDB425600D39731 /* SwinjectStoryboardSpec.swift */,
			);
			path = "iOS-tvOS";
			sourceTree = "<group>";
		};
		983DFEEE1CDB426100D39731 /* OSX */ = {
			isa = PBXGroup;
			children = (
				983DFEFF1CDB428900D39731 /* Fakes */,
				983DFEF41CDB426100D39731 /* SwinjectStoryboardSpec.swift */,
			);
			path = OSX;
			sourceTree = "<group>";
		};
		983DFEFF1CDB428900D39731 /* Fakes */ = {
			isa = PBXGroup;
			children = (
				983DFEF01CDB426100D39731 /* AnimalViewController.swift */,
				983DFEF11CDB426100D39731 /* AnimalWindowController.swift */,
				983DFEEF1CDB426100D39731 /* Animals.storyboard */,
				983DFEF51CDB426100D39731 /* Tabs.storyboard */,
				983DFEF61CDB426100D39731 /* ViewController1.swift */,
				CD2C63AC1D786C1F0075BC14 /* RelationshipReference1.storyboard */,
				CD2C63AE1D786CD70075BC14 /* RelationshipReference2.storyboard */,
				983DFEF21CDB426100D39731 /* Storyboard1.storyboard */,
				983DFEF31CDB426100D39731 /* Storyboard2.storyboard */,
			);
			name = Fakes;
			sourceTree = "<group>";
		};
		983DFF001CDB429000D39731 /* Fakes */ = {
			isa = PBXGroup;
			children = (
				983DFED91CDB425600D39731 /* AnimalViewController.swift */,
				983DFED81CDB425600D39731 /* Animals.storyboard */,
				983DFEDD1CDB425600D39731 /* Tabs.storyboard */,
				983DFEDA1CDB425600D39731 /* Storyboard1.storyboard */,
				983DFEDB1CDB425600D39731 /* Storyboard2.storyboard */,
				983DFED71CDB425600D39731 /* AnimalPlayerViewController.swift */,
				CD2C63A01D784F150075BC14 /* RelationshipReference1.storyboard */,
				CD2C63A61D7856210075BC14 /* RelationshipReference2.storyboard */,
				983DFED61CDB425600D39731 /* AnimalPlayerViewController.storyboard */,
			);
			name = Fakes;
			sourceTree = "<group>";
		};
		983DFF011CDB432E00D39731 /* Fakes */ = {
			isa = PBXGroup;
			children = (
				983DFF021CDB433A00D39731 /* AnimalType.swift */,
				983DFF031CDB433A00D39731 /* FoodType.swift */,
			);
			name = Fakes;
			sourceTree = "<group>";
		};
		985903FC1CDB0AA700275E4A = {
			isa = PBXGroup;
			children = (
				985904081CDB0AA700275E4A /* Sources */,
				985904141CDB0AA700275E4A /* Tests */,
				985904071CDB0AA700275E4A /* Products */,
				98D562AF1CDB1E8800DECDC0 /* Configurations */,
				983DFE4E1CDB38F000D39731 /* Swinject.xcodeproj */,
				98D5636F1CDB28C700DECDC0 /* Nimble.xcodeproj */,
				98D563841CDB28CE00DECDC0 /* Quick.xcodeproj */,
			);
			sourceTree = "<group>";
		};
		985904071CDB0AA700275E4A /* Products */ = {
			isa = PBXGroup;
			children = (
				985904061CDB0AA700275E4A /* SwinjectStoryboard.framework */,
				985904101CDB0AA700275E4A /* SwinjectStoryboardTests.xctest */,
				98D562781CDB173500DECDC0 /* SwinjectStoryboard.framework */,
				98D562811CDB173500DECDC0 /* SwinjectStoryboardTests.xctest */,
				98D562941CDB19AB00DECDC0 /* SwinjectStoryboard.framework */,
				98D5629D1CDB19AB00DECDC0 /* SwinjectStoryboardTests.xctest */,
			);
			name = Products;
			sourceTree = "<group>";
		};
		985904081CDB0AA700275E4A /* Sources */ = {
			isa = PBXGroup;
			children = (
				983DFEB91CDB414900D39731 /* iOS-tvOS */,
				983DFEC01CDB415300D39731 /* OSX */,
				983DFE9F1CDB410D00D39731 /* Container+SwinjectStoryboard.swift */,
				983DFEA21CDB410D00D39731 /* SwinjectStoryboardOption.swift */,
				983DFEA31CDB410D00D39731 /* SwinjectStoryboardType.swift */,
				983DFEA11CDB410D00D39731 /* SwinjectStoryboard.swift */,
				983DFEA01CDB410D00D39731 /* Storyboard+Swizzling.swift */,
				983DFEA41CDB410D00D39731 /* ViewController+Swinject.swift */,
				983DFF0A1CDB440800D39731 /* Box.swift */,
				983DFF0E1CDB444E00D39731 /* RegistrationNameAssociatable.swift */,
				CD2C63A91D7864840075BC14 /* SwinjectStoryboard+StoryboardReference.swift */,
				985904091CDB0AA700275E4A /* SwinjectStoryboard.h */,
				9859040B1CDB0AA700275E4A /* Info.plist */,
			);
			path = Sources;
			sourceTree = "<group>";
		};
		985904141CDB0AA700275E4A /* Tests */ = {
			isa = PBXGroup;
			children = (
				983DFF011CDB432E00D39731 /* Fakes */,
				983DFED51CDB425600D39731 /* iOS-tvOS */,
				983DFEEE1CDB426100D39731 /* OSX */,
				985904151CDB0AA700275E4A /* SwinjectStoryboardTests.swift */,
				983DFEC51CDB423800D39731 /* Container+SwinjectStoryboardSpec.swift */,
				983DFEC61CDB423800D39731 /* NSWindowController+SwinjectSpec.swift */,
				983DFEC71CDB423800D39731 /* Storyboard+SwizzlingSpec.swift */,
				983DFEC81CDB423800D39731 /* ViewController+SwinjectSpec.swift */,
				985904171CDB0AA700275E4A /* Info.plist */,
			);
			path = Tests;
			sourceTree = "<group>";
		};
		98D562AF1CDB1E8800DECDC0 /* Configurations */ = {
			isa = PBXGroup;
			children = (
				98D562B11CDB1E8800DECDC0 /* Base */,
				98D562BC1CDB1E8800DECDC0 /* iOS */,
				98D562C11CDB1E8800DECDC0 /* Mac OS X */,
				98D562C81CDB1E8800DECDC0 /* tvOS */,
			);
			name = Configurations;
			path = Carthage/Checkouts/xcconfigs;
			sourceTree = "<group>";
		};
		98D562B11CDB1E8800DECDC0 /* Base */ = {
			isa = PBXGroup;
			children = (
				98D562B21CDB1E8800DECDC0 /* Common.xcconfig */,
				98D562B31CDB1E8800DECDC0 /* Configurations */,
				98D562B81CDB1E8800DECDC0 /* Targets */,
			);
			path = Base;
			sourceTree = "<group>";
		};
		98D562B31CDB1E8800DECDC0 /* Configurations */ = {
			isa = PBXGroup;
			children = (
				98D562B41CDB1E8800DECDC0 /* Debug.xcconfig */,
				98D562B51CDB1E8800DECDC0 /* Profile.xcconfig */,
				98D562B61CDB1E8800DECDC0 /* Release.xcconfig */,
				98D562B71CDB1E8800DECDC0 /* Test.xcconfig */,
			);
			path = Configurations;
			sourceTree = "<group>";
		};
		98D562B81CDB1E8800DECDC0 /* Targets */ = {
			isa = PBXGroup;
			children = (
				98D562B91CDB1E8800DECDC0 /* Application.xcconfig */,
				98D562BA1CDB1E8800DECDC0 /* Framework.xcconfig */,
				98D562BB1CDB1E8800DECDC0 /* StaticLibrary.xcconfig */,
			);
			path = Targets;
			sourceTree = "<group>";
		};
		98D562BC1CDB1E8800DECDC0 /* iOS */ = {
			isa = PBXGroup;
			children = (
				98D562BD1CDB1E8800DECDC0 /* iOS-Application.xcconfig */,
				98D562BE1CDB1E8800DECDC0 /* iOS-Base.xcconfig */,
				98D562BF1CDB1E8800DECDC0 /* iOS-Framework.xcconfig */,
				98D562C01CDB1E8800DECDC0 /* iOS-StaticLibrary.xcconfig */,
			);
			path = iOS;
			sourceTree = "<group>";
		};
		98D562C11CDB1E8800DECDC0 /* Mac OS X */ = {
			isa = PBXGroup;
			children = (
				98D562C21CDB1E8800DECDC0 /* Mac-Application.xcconfig */,
				98D562C31CDB1E8800DECDC0 /* Mac-Base.xcconfig */,
				98D562C41CDB1E8800DECDC0 /* Mac-DynamicLibrary.xcconfig */,
				98D562C51CDB1E8800DECDC0 /* Mac-Framework.xcconfig */,
				98D562C61CDB1E8800DECDC0 /* Mac-StaticLibrary.xcconfig */,
			);
			path = "Mac OS X";
			sourceTree = "<group>";
		};
		98D562C81CDB1E8800DECDC0 /* tvOS */ = {
			isa = PBXGroup;
			children = (
				98D562C91CDB1E8800DECDC0 /* tvOS-Application.xcconfig */,
				98D562CA1CDB1E8800DECDC0 /* tvOS-Base.xcconfig */,
				98D562CB1CDB1E8800DECDC0 /* tvOS-Framework.xcconfig */,
				98D562CC1CDB1E8800DECDC0 /* tvOS-StaticLibrary.xcconfig */,
			);
			path = tvOS;
			sourceTree = "<group>";
		};
		98D563701CDB28C700DECDC0 /* Products */ = {
			isa = PBXGroup;
			children = (
				98D5637D1CDB28C700DECDC0 /* Nimble.framework */,
				98D5637F1CDB28C700DECDC0 /* NimbleTests.xctest */,
				98D563791CDB28C700DECDC0 /* Nimble.framework */,
				98D5637B1CDB28C700DECDC0 /* NimbleTests.xctest */,
				98D563811CDB28C700DECDC0 /* Nimble.framework */,
				98D563831CDB28C700DECDC0 /* NimbleTests.xctest */,
			);
			name = Products;
			sourceTree = "<group>";
		};
		98D563851CDB28CE00DECDC0 /* Products */ = {
			isa = PBXGroup;
			children = (
				98D563911CDB28CE00DECDC0 /* Quick.framework */,
				98D563931CDB28CE00DECDC0 /* Quick-OSXTests.xctest */,
				98D563951CDB28CE00DECDC0 /* QuickFocused-OSXTests.xctest */,
				98D563971CDB28CE00DECDC0 /* Quick.framework */,
				98D563991CDB28CE00DECDC0 /* Quick-iOSTests.xctest */,
				98D5639B1CDB28CE00DECDC0 /* QuickFocused-iOSTests.xctest */,
				98D5639D1CDB28CE00DECDC0 /* Quick.framework */,
				98D5639F1CDB28CE00DECDC0 /* Quick-tvOSTests.xctest */,
				98D563A11CDB28CE00DECDC0 /* QuickFocused-tvOSTests.xctest */,
			);
			name = Products;
			sourceTree = "<group>";
		};
/* End PBXGroup section */

/* Begin PBXHeadersBuildPhase section */
		985904031CDB0AA700275E4A /* Headers */ = {
			isa = PBXHeadersBuildPhase;
			buildActionMask = 2147483647;
			files = (
				9859040A1CDB0AA700275E4A /* SwinjectStoryboard.h in Headers */,
				983DFEBC1CDB414900D39731 /* _SwinjectStoryboardBase.h in Headers */,
			);
			runOnlyForDeploymentPostprocessing = 0;
		};
		98D562751CDB173500DECDC0 /* Headers */ = {
			isa = PBXHeadersBuildPhase;
			buildActionMask = 2147483647;
			files = (
				985315521CDB2CBF009E9FB7 /* SwinjectStoryboard.h in Headers */,
				983DFEC31CDB415300D39731 /* _SwinjectStoryboardBase.h in Headers */,
			);
			runOnlyForDeploymentPostprocessing = 0;
		};
		98D562911CDB19AB00DECDC0 /* Headers */ = {
			isa = PBXHeadersBuildPhase;
			buildActionMask = 2147483647;
			files = (
				985315531CDB2CC0009E9FB7 /* SwinjectStoryboard.h in Headers */,
				983DFEBD1CDB414900D39731 /* _SwinjectStoryboardBase.h in Headers */,
			);
			runOnlyForDeploymentPostprocessing = 0;
		};
/* End PBXHeadersBuildPhase section */

/* Begin PBXNativeTarget section */
		985904051CDB0AA700275E4A /* SwinjectStoryboard-iOS */ = {
			isa = PBXNativeTarget;
			buildConfigurationList = 9859041A1CDB0AA700275E4A /* Build configuration list for PBXNativeTarget "SwinjectStoryboard-iOS" */;
			buildPhases = (
				985904011CDB0AA700275E4A /* Sources */,
				985904021CDB0AA700275E4A /* Frameworks */,
				985904031CDB0AA700275E4A /* Headers */,
				985904041CDB0AA700275E4A /* Resources */,
			);
			buildRules = (
			);
			dependencies = (
				983DFE731CDB3A7300D39731 /* PBXTargetDependency */,
			);
			name = "SwinjectStoryboard-iOS";
			productName = SwinjectStoryboard;
			productReference = 985904061CDB0AA700275E4A /* SwinjectStoryboard.framework */;
			productType = "com.apple.product-type.framework";
		};
		9859040F1CDB0AA700275E4A /* SwinjectStoryboard-iOSTests */ = {
			isa = PBXNativeTarget;
			buildConfigurationList = 9859041D1CDB0AA700275E4A /* Build configuration list for PBXNativeTarget "SwinjectStoryboard-iOSTests" */;
			buildPhases = (
				9859040C1CDB0AA700275E4A /* Sources */,
				9859040D1CDB0AA700275E4A /* Frameworks */,
				9859040E1CDB0AA700275E4A /* Resources */,
			);
			buildRules = (
			);
			dependencies = (
				985315511CDB2C1D009E9FB7 /* PBXTargetDependency */,
				98D563A31CDB29D700DECDC0 /* PBXTargetDependency */,
				985904131CDB0AA700275E4A /* PBXTargetDependency */,
			);
			name = "SwinjectStoryboard-iOSTests";
			productName = SwinjectStoryboardTests;
			productReference = 985904101CDB0AA700275E4A /* SwinjectStoryboardTests.xctest */;
			productType = "com.apple.product-type.bundle.unit-test";
		};
		98D562771CDB173500DECDC0 /* SwinjectStoryboard-OSX */ = {
			isa = PBXNativeTarget;
			buildConfigurationList = 98D562891CDB173500DECDC0 /* Build configuration list for PBXNativeTarget "SwinjectStoryboard-OSX" */;
			buildPhases = (
				98D562731CDB173500DECDC0 /* Sources */,
				98D562741CDB173500DECDC0 /* Frameworks */,
				98D562751CDB173500DECDC0 /* Headers */,
				98D562761CDB173500DECDC0 /* Resources */,
			);
			buildRules = (
			);
			dependencies = (
				983DFE771CDB3A9700D39731 /* PBXTargetDependency */,
			);
			name = "SwinjectStoryboard-OSX";
			productName = SwinjectStoryboard;
			productReference = 98D562781CDB173500DECDC0 /* SwinjectStoryboard.framework */;
			productType = "com.apple.product-type.framework";
		};
		98D562801CDB173500DECDC0 /* SwinjectStoryboard-OSXTests */ = {
			isa = PBXNativeTarget;
			buildConfigurationList = 98D5628C1CDB173500DECDC0 /* Build configuration list for PBXNativeTarget "SwinjectStoryboard-OSXTests" */;
			buildPhases = (
				98D5627D1CDB173500DECDC0 /* Sources */,
				98D5627E1CDB173500DECDC0 /* Frameworks */,
				98D5627F1CDB173500DECDC0 /* Resources */,
			);
			buildRules = (
			);
			dependencies = (
				98D563A91CDB2A0400DECDC0 /* PBXTargetDependency */,
				98D563AB1CDB2A0400DECDC0 /* PBXTargetDependency */,
				98D562841CDB173500DECDC0 /* PBXTargetDependency */,
			);
			name = "SwinjectStoryboard-OSXTests";
			productName = SwinjectStoryboardTests;
			productReference = 98D562811CDB173500DECDC0 /* SwinjectStoryboardTests.xctest */;
			productType = "com.apple.product-type.bundle.unit-test";
		};
		98D562931CDB19AB00DECDC0 /* SwinjectStoryboard-tvOS */ = {
			isa = PBXNativeTarget;
			buildConfigurationList = 98D562A91CDB19AB00DECDC0 /* Build configuration list for PBXNativeTarget "SwinjectStoryboard-tvOS" */;
			buildPhases = (
				98D5628F1CDB19AB00DECDC0 /* Sources */,
				98D562901CDB19AB00DECDC0 /* Frameworks */,
				98D562911CDB19AB00DECDC0 /* Headers */,
				98D562921CDB19AB00DECDC0 /* Resources */,
			);
			buildRules = (
			);
			dependencies = (
				983DFE791CDB3AA000D39731 /* PBXTargetDependency */,
			);
			name = "SwinjectStoryboard-tvOS";
			productName = SwinjectStoryboard;
			productReference = 98D562941CDB19AB00DECDC0 /* SwinjectStoryboard.framework */;
			productType = "com.apple.product-type.framework";
		};
		98D5629C1CDB19AB00DECDC0 /* SwinjectStoryboard-tvOSTests */ = {
			isa = PBXNativeTarget;
			buildConfigurationList = 98D562AA1CDB19AB00DECDC0 /* Build configuration list for PBXNativeTarget "SwinjectStoryboard-tvOSTests" */;
			buildPhases = (
				98D562991CDB19AB00DECDC0 /* Sources */,
				98D5629A1CDB19AB00DECDC0 /* Frameworks */,
				98D5629B1CDB19AB00DECDC0 /* Resources */,
			);
			buildRules = (
			);
			dependencies = (
				98D563AF1CDB2A2A00DECDC0 /* PBXTargetDependency */,
				98D563B11CDB2A2A00DECDC0 /* PBXTargetDependency */,
				98D562A01CDB19AB00DECDC0 /* PBXTargetDependency */,
			);
			name = "SwinjectStoryboard-tvOSTests";
			productName = SwinjectStoryboardTests;
			productReference = 98D5629D1CDB19AB00DECDC0 /* SwinjectStoryboardTests.xctest */;
			productType = "com.apple.product-type.bundle.unit-test";
		};
/* End PBXNativeTarget section */

/* Begin PBXProject section */
		985903FD1CDB0AA700275E4A /* Project object */ = {
			isa = PBXProject;
			attributes = {
				LastSwiftUpdateCheck = 0730;
				LastUpgradeCheck = 0800;
				ORGANIZATIONNAME = "Swinject Contributors";
				TargetAttributes = {
					985904051CDB0AA700275E4A = {
						CreatedOnToolsVersion = 7.3.1;
						LastSwiftMigration = 0800;
						ProvisioningStyle = Manual;
					};
					9859040F1CDB0AA700275E4A = {
						CreatedOnToolsVersion = 7.3.1;
						LastSwiftMigration = 0800;
						ProvisioningStyle = Manual;
					};
					98D562771CDB173500DECDC0 = {
						CreatedOnToolsVersion = 7.3.1;
					};
					98D562801CDB173500DECDC0 = {
						CreatedOnToolsVersion = 7.3.1;
					};
					98D562931CDB19AB00DECDC0 = {
						CreatedOnToolsVersion = 7.3.1;
					};
					98D5629C1CDB19AB00DECDC0 = {
						CreatedOnToolsVersion = 7.3.1;
					};
				};
			};
			buildConfigurationList = 985904001CDB0AA700275E4A /* Build configuration list for PBXProject "SwinjectStoryboard" */;
			compatibilityVersion = "Xcode 3.2";
			developmentRegion = English;
			hasScannedForEncodings = 0;
			knownRegions = (
				en,
			);
			mainGroup = 985903FC1CDB0AA700275E4A;
			productRefGroup = 985904071CDB0AA700275E4A /* Products */;
			projectDirPath = "";
			projectReferences = (
				{
					ProductGroup = 98D563701CDB28C700DECDC0 /* Products */;
					ProjectRef = 98D5636F1CDB28C700DECDC0 /* Nimble.xcodeproj */;
				},
				{
					ProductGroup = 98D563851CDB28CE00DECDC0 /* Products */;
					ProjectRef = 98D563841CDB28CE00DECDC0 /* Quick.xcodeproj */;
				},
				{
					ProductGroup = 983DFE4F1CDB38F000D39731 /* Products */;
					ProjectRef = 983DFE4E1CDB38F000D39731 /* Swinject.xcodeproj */;
				},
			);
			projectRoot = "";
			targets = (
				985904051CDB0AA700275E4A /* SwinjectStoryboard-iOS */,
				9859040F1CDB0AA700275E4A /* SwinjectStoryboard-iOSTests */,
				98D562771CDB173500DECDC0 /* SwinjectStoryboard-OSX */,
				98D562801CDB173500DECDC0 /* SwinjectStoryboard-OSXTests */,
				98D562931CDB19AB00DECDC0 /* SwinjectStoryboard-tvOS */,
				98D5629C1CDB19AB00DECDC0 /* SwinjectStoryboard-tvOSTests */,
			);
		};
/* End PBXProject section */

/* Begin PBXReferenceProxy section */
		983DFE641CDB38F000D39731 /* Swinject.framework */ = {
			isa = PBXReferenceProxy;
			fileType = wrapper.framework;
			path = Swinject.framework;
			remoteRef = 983DFE631CDB38F000D39731 /* PBXContainerItemProxy */;
			sourceTree = BUILT_PRODUCTS_DIR;
		};
		983DFE661CDB38F000D39731 /* SwinjectTests.xctest */ = {
			isa = PBXReferenceProxy;
			fileType = wrapper.cfbundle;
			path = SwinjectTests.xctest;
			remoteRef = 983DFE651CDB38F000D39731 /* PBXContainerItemProxy */;
			sourceTree = BUILT_PRODUCTS_DIR;
		};
		983DFE681CDB38F000D39731 /* Swinject.framework */ = {
			isa = PBXReferenceProxy;
			fileType = wrapper.framework;
			path = Swinject.framework;
			remoteRef = 983DFE671CDB38F000D39731 /* PBXContainerItemProxy */;
			sourceTree = BUILT_PRODUCTS_DIR;
		};
		983DFE6A1CDB38F000D39731 /* SwinjectTests.xctest */ = {
			isa = PBXReferenceProxy;
			fileType = wrapper.cfbundle;
			path = SwinjectTests.xctest;
			remoteRef = 983DFE691CDB38F000D39731 /* PBXContainerItemProxy */;
			sourceTree = BUILT_PRODUCTS_DIR;
		};
		983DFE6C1CDB38F000D39731 /* Swinject.framework */ = {
			isa = PBXReferenceProxy;
			fileType = wrapper.framework;
			path = Swinject.framework;
			remoteRef = 983DFE6B1CDB38F000D39731 /* PBXContainerItemProxy */;
			sourceTree = BUILT_PRODUCTS_DIR;
		};
		983DFE6E1CDB38F000D39731 /* Swinject.framework */ = {
			isa = PBXReferenceProxy;
			fileType = wrapper.framework;
			path = Swinject.framework;
			remoteRef = 983DFE6D1CDB38F000D39731 /* PBXContainerItemProxy */;
			sourceTree = BUILT_PRODUCTS_DIR;
		};
		983DFE701CDB38F000D39731 /* SwinjectTests.xctest */ = {
			isa = PBXReferenceProxy;
			fileType = wrapper.cfbundle;
			path = SwinjectTests.xctest;
			remoteRef = 983DFE6F1CDB38F000D39731 /* PBXContainerItemProxy */;
			sourceTree = BUILT_PRODUCTS_DIR;
		};
		98D563791CDB28C700DECDC0 /* Nimble.framework */ = {
			isa = PBXReferenceProxy;
			fileType = wrapper.framework;
			path = Nimble.framework;
			remoteRef = 98D563781CDB28C700DECDC0 /* PBXContainerItemProxy */;
			sourceTree = BUILT_PRODUCTS_DIR;
		};
		98D5637B1CDB28C700DECDC0 /* NimbleTests.xctest */ = {
			isa = PBXReferenceProxy;
			fileType = wrapper.cfbundle;
			path = NimbleTests.xctest;
			remoteRef = 98D5637A1CDB28C700DECDC0 /* PBXContainerItemProxy */;
			sourceTree = BUILT_PRODUCTS_DIR;
		};
		98D5637D1CDB28C700DECDC0 /* Nimble.framework */ = {
			isa = PBXReferenceProxy;
			fileType = wrapper.framework;
			path = Nimble.framework;
			remoteRef = 98D5637C1CDB28C700DECDC0 /* PBXContainerItemProxy */;
			sourceTree = BUILT_PRODUCTS_DIR;
		};
		98D5637F1CDB28C700DECDC0 /* NimbleTests.xctest */ = {
			isa = PBXReferenceProxy;
			fileType = wrapper.cfbundle;
			path = NimbleTests.xctest;
			remoteRef = 98D5637E1CDB28C700DECDC0 /* PBXContainerItemProxy */;
			sourceTree = BUILT_PRODUCTS_DIR;
		};
		98D563811CDB28C700DECDC0 /* Nimble.framework */ = {
			isa = PBXReferenceProxy;
			fileType = wrapper.framework;
			path = Nimble.framework;
			remoteRef = 98D563801CDB28C700DECDC0 /* PBXContainerItemProxy */;
			sourceTree = BUILT_PRODUCTS_DIR;
		};
		98D563831CDB28C700DECDC0 /* NimbleTests.xctest */ = {
			isa = PBXReferenceProxy;
			fileType = wrapper.cfbundle;
			path = NimbleTests.xctest;
			remoteRef = 98D563821CDB28C700DECDC0 /* PBXContainerItemProxy */;
			sourceTree = BUILT_PRODUCTS_DIR;
		};
		98D563911CDB28CE00DECDC0 /* Quick.framework */ = {
			isa = PBXReferenceProxy;
			fileType = wrapper.framework;
			path = Quick.framework;
			remoteRef = 98D563901CDB28CE00DECDC0 /* PBXContainerItemProxy */;
			sourceTree = BUILT_PRODUCTS_DIR;
		};
		98D563931CDB28CE00DECDC0 /* Quick-OSXTests.xctest */ = {
			isa = PBXReferenceProxy;
			fileType = wrapper.cfbundle;
			path = "Quick-OSXTests.xctest";
			remoteRef = 98D563921CDB28CE00DECDC0 /* PBXContainerItemProxy */;
			sourceTree = BUILT_PRODUCTS_DIR;
		};
		98D563951CDB28CE00DECDC0 /* QuickFocused-OSXTests.xctest */ = {
			isa = PBXReferenceProxy;
			fileType = wrapper.cfbundle;
			path = "QuickFocused-OSXTests.xctest";
			remoteRef = 98D563941CDB28CE00DECDC0 /* PBXContainerItemProxy */;
			sourceTree = BUILT_PRODUCTS_DIR;
		};
		98D563971CDB28CE00DECDC0 /* Quick.framework */ = {
			isa = PBXReferenceProxy;
			fileType = wrapper.framework;
			path = Quick.framework;
			remoteRef = 98D563961CDB28CE00DECDC0 /* PBXContainerItemProxy */;
			sourceTree = BUILT_PRODUCTS_DIR;
		};
		98D563991CDB28CE00DECDC0 /* Quick-iOSTests.xctest */ = {
			isa = PBXReferenceProxy;
			fileType = wrapper.cfbundle;
			path = "Quick-iOSTests.xctest";
			remoteRef = 98D563981CDB28CE00DECDC0 /* PBXContainerItemProxy */;
			sourceTree = BUILT_PRODUCTS_DIR;
		};
		98D5639B1CDB28CE00DECDC0 /* QuickFocused-iOSTests.xctest */ = {
			isa = PBXReferenceProxy;
			fileType = wrapper.cfbundle;
			path = "QuickFocused-iOSTests.xctest";
			remoteRef = 98D5639A1CDB28CE00DECDC0 /* PBXContainerItemProxy */;
			sourceTree = BUILT_PRODUCTS_DIR;
		};
		98D5639D1CDB28CE00DECDC0 /* Quick.framework */ = {
			isa = PBXReferenceProxy;
			fileType = wrapper.framework;
			path = Quick.framework;
			remoteRef = 98D5639C1CDB28CE00DECDC0 /* PBXContainerItemProxy */;
			sourceTree = BUILT_PRODUCTS_DIR;
		};
		98D5639F1CDB28CE00DECDC0 /* Quick-tvOSTests.xctest */ = {
			isa = PBXReferenceProxy;
			fileType = wrapper.cfbundle;
			path = "Quick-tvOSTests.xctest";
			remoteRef = 98D5639E1CDB28CE00DECDC0 /* PBXContainerItemProxy */;
			sourceTree = BUILT_PRODUCTS_DIR;
		};
		98D563A11CDB28CE00DECDC0 /* QuickFocused-tvOSTests.xctest */ = {
			isa = PBXReferenceProxy;
			fileType = wrapper.cfbundle;
			path = "QuickFocused-tvOSTests.xctest";
			remoteRef = 98D563A01CDB28CE00DECDC0 /* PBXContainerItemProxy */;
			sourceTree = BUILT_PRODUCTS_DIR;
		};
/* End PBXReferenceProxy section */

/* Begin PBXResourcesBuildPhase section */
		985904041CDB0AA700275E4A /* Resources */ = {
			isa = PBXResourcesBuildPhase;
			buildActionMask = 2147483647;
			files = (
			);
			runOnlyForDeploymentPostprocessing = 0;
		};
		9859040E1CDB0AA700275E4A /* Resources */ = {
			isa = PBXResourcesBuildPhase;
			buildActionMask = 2147483647;
			files = (
				CD2C63A11D784F150075BC14 /* RelationshipReference1.storyboard in Resources */,
				CD2C63A71D7856210075BC14 /* RelationshipReference2.storyboard in Resources */,
				983DFEE81CDB425600D39731 /* Storyboard2.storyboard in Resources */,
				983DFEE21CDB425600D39731 /* Animals.storyboard in Resources */,
				983DFEEC1CDB425600D39731 /* Tabs.storyboard in Resources */,
				983DFEDE1CDB425600D39731 /* AnimalPlayerViewController.storyboard in Resources */,
				983DFEE61CDB425600D39731 /* Storyboard1.storyboard in Resources */,
			);
			runOnlyForDeploymentPostprocessing = 0;
		};
		98D562761CDB173500DECDC0 /* Resources */ = {
			isa = PBXResourcesBuildPhase;
			buildActionMask = 2147483647;
			files = (
			);
			runOnlyForDeploymentPostprocessing = 0;
		};
		98D5627F1CDB173500DECDC0 /* Resources */ = {
			isa = PBXResourcesBuildPhase;
			buildActionMask = 2147483647;
			files = (
				983DFEFD1CDB426100D39731 /* Tabs.storyboard in Resources */,
				983DFEF71CDB426100D39731 /* Animals.storyboard in Resources */,
				983DFEFB1CDB426100D39731 /* Storyboard2.storyboard in Resources */,
				983DFEFA1CDB426100D39731 /* Storyboard1.storyboard in Resources */,
				CD2C63AD1D786C1F0075BC14 /* RelationshipReference1.storyboard in Resources */,
				CD2C63AF1D786CD70075BC14 /* RelationshipReference2.storyboard in Resources */,
			);
			runOnlyForDeploymentPostprocessing = 0;
		};
		98D562921CDB19AB00DECDC0 /* Resources */ = {
			isa = PBXResourcesBuildPhase;
			buildActionMask = 2147483647;
			files = (
			);
			runOnlyForDeploymentPostprocessing = 0;
		};
		98D5629B1CDB19AB00DECDC0 /* Resources */ = {
			isa = PBXResourcesBuildPhase;
			buildActionMask = 2147483647;
			files = (
				CD2C63A21D784F150075BC14 /* RelationshipReference1.storyboard in Resources */,
				CD2C63A81D7856210075BC14 /* RelationshipReference2.storyboard in Resources */,
				983DFEE91CDB425600D39731 /* Storyboard2.storyboard in Resources */,
				983DFEE31CDB425600D39731 /* Animals.storyboard in Resources */,
				983DFEED1CDB425600D39731 /* Tabs.storyboard in Resources */,
				983DFEDF1CDB425600D39731 /* AnimalPlayerViewController.storyboard in Resources */,
				983DFEE71CDB425600D39731 /* Storyboard1.storyboard in Resources */,
			);
			runOnlyForDeploymentPostprocessing = 0;
		};
/* End PBXResourcesBuildPhase section */

/* Begin PBXSourcesBuildPhase section */
		985904011CDB0AA700275E4A /* Sources */ = {
			isa = PBXSourcesBuildPhase;
			buildActionMask = 2147483647;
			files = (
				983DFEA81CDB410D00D39731 /* Storyboard+Swizzling.swift in Sources */,
				983DFEA51CDB410D00D39731 /* Container+SwinjectStoryboard.swift in Sources */,
				983DFEAE1CDB410D00D39731 /* SwinjectStoryboardOption.swift in Sources */,
				983DFF0F1CDB444E00D39731 /* RegistrationNameAssociatable.swift in Sources */,
				983DFEAB1CDB410D00D39731 /* SwinjectStoryboard.swift in Sources */,
				CD2C63AA1D7864840075BC14 /* SwinjectStoryboard+StoryboardReference.swift in Sources */,
				983DFEB11CDB410D00D39731 /* SwinjectStoryboardType.swift in Sources */,
				983DFF0B1CDB440800D39731 /* Box.swift in Sources */,
				983DFEBE1CDB414900D39731 /* _SwinjectStoryboardBase.m in Sources */,
				983DFEB41CDB410D00D39731 /* ViewController+Swinject.swift in Sources */,
			);
			runOnlyForDeploymentPostprocessing = 0;
		};
		9859040C1CDB0AA700275E4A /* Sources */ = {
			isa = PBXSourcesBuildPhase;
			buildActionMask = 2147483647;
			files = (
				983DFED21CDB423800D39731 /* ViewController+SwinjectSpec.swift in Sources */,
				983DFEE41CDB425600D39731 /* AnimalViewController.swift in Sources */,
				983DFEEA1CDB425600D39731 /* SwinjectStoryboardSpec.swift in Sources */,
				983DFEC91CDB423800D39731 /* Container+SwinjectStoryboardSpec.swift in Sources */,
				983DFECF1CDB423800D39731 /* Storyboard+SwizzlingSpec.swift in Sources */,
				983DFF071CDB433A00D39731 /* FoodType.swift in Sources */,
				983DFECC1CDB423800D39731 /* NSWindowController+SwinjectSpec.swift in Sources */,
				983DFEE01CDB425600D39731 /* AnimalPlayerViewController.swift in Sources */,
				985904161CDB0AA700275E4A /* SwinjectStoryboardTests.swift in Sources */,
				983DFF041CDB433A00D39731 /* AnimalType.swift in Sources */,
			);
			runOnlyForDeploymentPostprocessing = 0;
		};
		98D562731CDB173500DECDC0 /* Sources */ = {
			isa = PBXSourcesBuildPhase;
			buildActionMask = 2147483647;
			files = (
				983DFEA91CDB410D00D39731 /* Storyboard+Swizzling.swift in Sources */,
				983DFEA61CDB410D00D39731 /* Container+SwinjectStoryboard.swift in Sources */,
				983DFEAF1CDB410D00D39731 /* SwinjectStoryboardOption.swift in Sources */,
				983DFF101CDB444E00D39731 /* RegistrationNameAssociatable.swift in Sources */,
				CD2C63B01D786D6B0075BC14 /* SwinjectStoryboard+StoryboardReference.swift in Sources */,
				983DFEAC1CDB410D00D39731 /* SwinjectStoryboard.swift in Sources */,
				983DFEB21CDB410D00D39731 /* SwinjectStoryboardType.swift in Sources */,
				983DFF0C1CDB440800D39731 /* Box.swift in Sources */,
				983DFEC41CDB415300D39731 /* _SwinjectStoryboardBase.m in Sources */,
				983DFEB51CDB410D00D39731 /* ViewController+Swinject.swift in Sources */,
			);
			runOnlyForDeploymentPostprocessing = 0;
		};
		98D5627D1CDB173500DECDC0 /* Sources */ = {
			isa = PBXSourcesBuildPhase;
			buildActionMask = 2147483647;
			files = (
				983DFEFE1CDB426100D39731 /* ViewController1.swift in Sources */,
				983DFED31CDB423800D39731 /* ViewController+SwinjectSpec.swift in Sources */,
				983DFECA1CDB423800D39731 /* Container+SwinjectStoryboardSpec.swift in Sources */,
				983DFF051CDB433A00D39731 /* AnimalType.swift in Sources */,
				983DFF081CDB433A00D39731 /* FoodType.swift in Sources */,
				983DFEFC1CDB426100D39731 /* SwinjectStoryboardSpec.swift in Sources */,
				983DFED01CDB423800D39731 /* Storyboard+SwizzlingSpec.swift in Sources */,
				983DFECD1CDB423800D39731 /* NSWindowController+SwinjectSpec.swift in Sources */,
				983DFEF81CDB426100D39731 /* AnimalViewController.swift in Sources */,
				983DFEF91CDB426100D39731 /* AnimalWindowController.swift in Sources */,
				985315581CDB2DDD009E9FB7 /* SwinjectStoryboardTests.swift in Sources */,
			);
			runOnlyForDeploymentPostprocessing = 0;
		};
		98D5628F1CDB19AB00DECDC0 /* Sources */ = {
			isa = PBXSourcesBuildPhase;
			buildActionMask = 2147483647;
			files = (
				983DFEAA1CDB410D00D39731 /* Storyboard+Swizzling.swift in Sources */,
				983DFEA71CDB410D00D39731 /* Container+SwinjectStoryboard.swift in Sources */,
				983DFEB01CDB410D00D39731 /* SwinjectStoryboardOption.swift in Sources */,
				983DFF111CDB444E00D39731 /* RegistrationNameAssociatable.swift in Sources */,
				983DFEAD1CDB410D00D39731 /* SwinjectStoryboard.swift in Sources */,
				CD2C63AB1D7864840075BC14 /* SwinjectStoryboard+StoryboardReference.swift in Sources */,
				983DFEB31CDB410D00D39731 /* SwinjectStoryboardType.swift in Sources */,
				983DFF0D1CDB440800D39731 /* Box.swift in Sources */,
				983DFEBF1CDB414900D39731 /* _SwinjectStoryboardBase.m in Sources */,
				983DFEB61CDB410D00D39731 /* ViewController+Swinject.swift in Sources */,
			);
			runOnlyForDeploymentPostprocessing = 0;
		};
		98D562991CDB19AB00DECDC0 /* Sources */ = {
			isa = PBXSourcesBuildPhase;
			buildActionMask = 2147483647;
			files = (
				983DFED41CDB423800D39731 /* ViewController+SwinjectSpec.swift in Sources */,
				983DFEE51CDB425600D39731 /* AnimalViewController.swift in Sources */,
				983DFEEB1CDB425600D39731 /* SwinjectStoryboardSpec.swift in Sources */,
				983DFECB1CDB423800D39731 /* Container+SwinjectStoryboardSpec.swift in Sources */,
				983DFED11CDB423800D39731 /* Storyboard+SwizzlingSpec.swift in Sources */,
				983DFF091CDB433A00D39731 /* FoodType.swift in Sources */,
				983DFECE1CDB423800D39731 /* NSWindowController+SwinjectSpec.swift in Sources */,
				983DFEE11CDB425600D39731 /* AnimalPlayerViewController.swift in Sources */,
				985315621CDB2DDE009E9FB7 /* SwinjectStoryboardTests.swift in Sources */,
				983DFF061CDB433A00D39731 /* AnimalType.swift in Sources */,
			);
			runOnlyForDeploymentPostprocessing = 0;
		};
/* End PBXSourcesBuildPhase section */

/* Begin PBXTargetDependency section */
		983DFE731CDB3A7300D39731 /* PBXTargetDependency */ = {
			isa = PBXTargetDependency;
			name = "Swinject-iOS";
			targetProxy = 983DFE721CDB3A7300D39731 /* PBXContainerItemProxy */;
		};
		983DFE771CDB3A9700D39731 /* PBXTargetDependency */ = {
			isa = PBXTargetDependency;
			name = "Swinject-OSX";
			targetProxy = 983DFE761CDB3A9700D39731 /* PBXContainerItemProxy */;
		};
		983DFE791CDB3AA000D39731 /* PBXTargetDependency */ = {
			isa = PBXTargetDependency;
			name = "Swinject-tvOS";
			targetProxy = 983DFE781CDB3AA000D39731 /* PBXContainerItemProxy */;
		};
		985315511CDB2C1D009E9FB7 /* PBXTargetDependency */ = {
			isa = PBXTargetDependency;
			name = "Quick-iOS";
			targetProxy = 985315501CDB2C1D009E9FB7 /* PBXContainerItemProxy */;
		};
		985904131CDB0AA700275E4A /* PBXTargetDependency */ = {
			isa = PBXTargetDependency;
			target = 985904051CDB0AA700275E4A /* SwinjectStoryboard-iOS */;
			targetProxy = 985904121CDB0AA700275E4A /* PBXContainerItemProxy */;
		};
		98D562841CDB173500DECDC0 /* PBXTargetDependency */ = {
			isa = PBXTargetDependency;
			target = 98D562771CDB173500DECDC0 /* SwinjectStoryboard-OSX */;
			targetProxy = 98D562831CDB173500DECDC0 /* PBXContainerItemProxy */;
		};
		98D562A01CDB19AB00DECDC0 /* PBXTargetDependency */ = {
			isa = PBXTargetDependency;
			target = 98D562931CDB19AB00DECDC0 /* SwinjectStoryboard-tvOS */;
			targetProxy = 98D5629F1CDB19AB00DECDC0 /* PBXContainerItemProxy */;
		};
		98D563A31CDB29D700DECDC0 /* PBXTargetDependency */ = {
			isa = PBXTargetDependency;
			name = "Nimble-iOS";
			targetProxy = 98D563A21CDB29D700DECDC0 /* PBXContainerItemProxy */;
		};
		98D563A91CDB2A0400DECDC0 /* PBXTargetDependency */ = {
			isa = PBXTargetDependency;
			name = "Nimble-OSX";
			targetProxy = 98D563A81CDB2A0400DECDC0 /* PBXContainerItemProxy */;
		};
		98D563AB1CDB2A0400DECDC0 /* PBXTargetDependency */ = {
			isa = PBXTargetDependency;
			name = "Quick-OSX";
			targetProxy = 98D563AA1CDB2A0400DECDC0 /* PBXContainerItemProxy */;
		};
		98D563AF1CDB2A2A00DECDC0 /* PBXTargetDependency */ = {
			isa = PBXTargetDependency;
			name = "Nimble-tvOS";
			targetProxy = 98D563AE1CDB2A2A00DECDC0 /* PBXContainerItemProxy */;
		};
		98D563B11CDB2A2A00DECDC0 /* PBXTargetDependency */ = {
			isa = PBXTargetDependency;
			name = "Quick-tvOS";
			targetProxy = 98D563B01CDB2A2A00DECDC0 /* PBXContainerItemProxy */;
		};
/* End PBXTargetDependency section */

/* Begin XCBuildConfiguration section */
		985904181CDB0AA700275E4A /* Debug */ = {
			isa = XCBuildConfiguration;
			baseConfigurationReference = 98D562B41CDB1E8800DECDC0 /* Debug.xcconfig */;
			buildSettings = {
				CLANG_WARN_INFINITE_RECURSION = YES;
				CLANG_WARN_SUSPICIOUS_MOVE = YES;
				CODE_SIGNING_REQUIRED = NO;
				CURRENT_PROJECT_VERSION = 1;
				ENABLE_TESTABILITY = YES;
				GCC_NO_COMMON_BLOCKS = YES;
				IPHONEOS_DEPLOYMENT_TARGET = 8.0;
				MACOSX_DEPLOYMENT_TARGET = 10.10;
				MTL_ENABLE_DEBUG_INFO = YES;
				SWIFT_VERSION = 3.0;
				TARGETED_DEVICE_FAMILY = "1,2";
				TVOS_DEPLOYMENT_TARGET = 9.0;
				VERSIONING_SYSTEM = "apple-generic";
				VERSION_INFO_PREFIX = "";
			};
			name = Debug;
		};
		985904191CDB0AA700275E4A /* Release */ = {
			isa = XCBuildConfiguration;
			baseConfigurationReference = 98D562B61CDB1E8800DECDC0 /* Release.xcconfig */;
			buildSettings = {
				CLANG_WARN_INFINITE_RECURSION = YES;
				CLANG_WARN_SUSPICIOUS_MOVE = YES;
				CODE_SIGNING_REQUIRED = NO;
				CURRENT_PROJECT_VERSION = 1;
				GCC_NO_COMMON_BLOCKS = YES;
				IPHONEOS_DEPLOYMENT_TARGET = 8.0;
				MACOSX_DEPLOYMENT_TARGET = 10.10;
				MTL_ENABLE_DEBUG_INFO = NO;
				SWIFT_VERSION = 3.0;
				TARGETED_DEVICE_FAMILY = "1,2";
				TVOS_DEPLOYMENT_TARGET = 9.0;
				VERSIONING_SYSTEM = "apple-generic";
				VERSION_INFO_PREFIX = "";
			};
			name = Release;
		};
		9859041B1CDB0AA700275E4A /* Debug */ = {
			isa = XCBuildConfiguration;
			baseConfigurationReference = 98D562BF1CDB1E8800DECDC0 /* iOS-Framework.xcconfig */;
			buildSettings = {
				CLANG_ENABLE_MODULES = YES;
				DEFINES_MODULE = YES;
				DYLIB_COMPATIBILITY_VERSION = 1;
				DYLIB_CURRENT_VERSION = 1;
				INFOPLIST_FILE = Sources/Info.plist;
				LD_RUNPATH_SEARCH_PATHS = "$(inherited) @executable_path/Frameworks @loader_path/Frameworks";
				PRODUCT_BUNDLE_IDENTIFIER = "com.el-eleven.SwinjectStoryboard";
				SWIFT_OPTIMIZATION_LEVEL = "-Onone";
			};
			name = Debug;
		};
		9859041C1CDB0AA700275E4A /* Release */ = {
			isa = XCBuildConfiguration;
			baseConfigurationReference = 98D562BF1CDB1E8800DECDC0 /* iOS-Framework.xcconfig */;
			buildSettings = {
				CLANG_ENABLE_MODULES = YES;
				DEFINES_MODULE = YES;
				DYLIB_COMPATIBILITY_VERSION = 1;
				DYLIB_CURRENT_VERSION = 1;
				INFOPLIST_FILE = Sources/Info.plist;
				LD_RUNPATH_SEARCH_PATHS = "$(inherited) @executable_path/Frameworks @loader_path/Frameworks";
				PRODUCT_BUNDLE_IDENTIFIER = "com.el-eleven.SwinjectStoryboard";
			};
			name = Release;
		};
		9859041E1CDB0AA700275E4A /* Debug */ = {
			isa = XCBuildConfiguration;
			baseConfigurationReference = 98D562BD1CDB1E8800DECDC0 /* iOS-Application.xcconfig */;
			buildSettings = {
				INFOPLIST_FILE = Tests/Info.plist;
				IPHONEOS_DEPLOYMENT_TARGET = 9.0;
				PRODUCT_BUNDLE_IDENTIFIER = "com.el-eleven.SwinjectStoryboardTests";
				PRODUCT_NAME = "$(PROJECT_NAME)Tests";
			};
			name = Debug;
		};
		9859041F1CDB0AA700275E4A /* Release */ = {
			isa = XCBuildConfiguration;
			baseConfigurationReference = 98D562BD1CDB1E8800DECDC0 /* iOS-Application.xcconfig */;
			buildSettings = {
				INFOPLIST_FILE = Tests/Info.plist;
				IPHONEOS_DEPLOYMENT_TARGET = 9.0;
				PRODUCT_BUNDLE_IDENTIFIER = "com.el-eleven.SwinjectStoryboardTests";
				PRODUCT_NAME = "$(PROJECT_NAME)Tests";
			};
			name = Release;
		};
		98D5628A1CDB173500DECDC0 /* Debug */ = {
			isa = XCBuildConfiguration;
			baseConfigurationReference = 98D562C51CDB1E8800DECDC0 /* Mac-Framework.xcconfig */;
			buildSettings = {
				CLANG_ENABLE_MODULES = YES;
				DEFINES_MODULE = YES;
				DYLIB_COMPATIBILITY_VERSION = 1;
				DYLIB_CURRENT_VERSION = 1;
				INFOPLIST_FILE = Sources/Info.plist;
				LD_RUNPATH_SEARCH_PATHS = "$(inherited) @executable_path/../Frameworks @loader_path/Frameworks";
				PRODUCT_BUNDLE_IDENTIFIER = "com.el-eleven.SwinjectStoryboard";
				SWIFT_OPTIMIZATION_LEVEL = "-Onone";
			};
			name = Debug;
		};
		98D5628B1CDB173500DECDC0 /* Release */ = {
			isa = XCBuildConfiguration;
			baseConfigurationReference = 98D562C51CDB1E8800DECDC0 /* Mac-Framework.xcconfig */;
			buildSettings = {
				CLANG_ENABLE_MODULES = YES;
				DEFINES_MODULE = YES;
				DYLIB_COMPATIBILITY_VERSION = 1;
				DYLIB_CURRENT_VERSION = 1;
				INFOPLIST_FILE = Sources/Info.plist;
				LD_RUNPATH_SEARCH_PATHS = "$(inherited) @executable_path/../Frameworks @loader_path/Frameworks";
				PRODUCT_BUNDLE_IDENTIFIER = "com.el-eleven.SwinjectStoryboard";
			};
			name = Release;
		};
		98D5628D1CDB173500DECDC0 /* Debug */ = {
			isa = XCBuildConfiguration;
			baseConfigurationReference = 98D562C21CDB1E8800DECDC0 /* Mac-Application.xcconfig */;
			buildSettings = {
				INFOPLIST_FILE = Tests/Info.plist;
				MACOSX_DEPLOYMENT_TARGET = 10.11;
				PRODUCT_BUNDLE_IDENTIFIER = "com.el-eleven.SwinjectStoryboardTests";
				PRODUCT_NAME = "$(PROJECT_NAME)Tests";
			};
			name = Debug;
		};
		98D5628E1CDB173500DECDC0 /* Release */ = {
			isa = XCBuildConfiguration;
			baseConfigurationReference = 98D562C21CDB1E8800DECDC0 /* Mac-Application.xcconfig */;
			buildSettings = {
				INFOPLIST_FILE = Tests/Info.plist;
				MACOSX_DEPLOYMENT_TARGET = 10.11;
				PRODUCT_BUNDLE_IDENTIFIER = "com.el-eleven.SwinjectStoryboardTests";
				PRODUCT_NAME = "$(PROJECT_NAME)Tests";
			};
			name = Release;
		};
		98D562A51CDB19AB00DECDC0 /* Debug */ = {
			isa = XCBuildConfiguration;
			baseConfigurationReference = 98D562CB1CDB1E8800DECDC0 /* tvOS-Framework.xcconfig */;
			buildSettings = {
				CLANG_ENABLE_MODULES = YES;
				CODE_SIGN_IDENTITY = "";
				DEFINES_MODULE = YES;
				DYLIB_COMPATIBILITY_VERSION = 1;
				DYLIB_CURRENT_VERSION = 1;
				INFOPLIST_FILE = Sources/Info.plist;
				LD_RUNPATH_SEARCH_PATHS = "$(inherited) @executable_path/../Frameworks @loader_path/Frameworks";
				PRODUCT_BUNDLE_IDENTIFIER = "com.el-eleven.SwinjectStoryboard";
				SWIFT_OPTIMIZATION_LEVEL = "-Onone";
				TARGETED_DEVICE_FAMILY = 3;
			};
			name = Debug;
		};
		98D562A61CDB19AB00DECDC0 /* Release */ = {
			isa = XCBuildConfiguration;
			baseConfigurationReference = 98D562CB1CDB1E8800DECDC0 /* tvOS-Framework.xcconfig */;
			buildSettings = {
				CLANG_ENABLE_MODULES = YES;
				CODE_SIGN_IDENTITY = "";
				DEFINES_MODULE = YES;
				DYLIB_COMPATIBILITY_VERSION = 1;
				DYLIB_CURRENT_VERSION = 1;
				INFOPLIST_FILE = Sources/Info.plist;
				LD_RUNPATH_SEARCH_PATHS = "$(inherited) @executable_path/../Frameworks @loader_path/Frameworks";
				PRODUCT_BUNDLE_IDENTIFIER = "com.el-eleven.SwinjectStoryboard";
				TARGETED_DEVICE_FAMILY = 3;
			};
			name = Release;
		};
		98D562A71CDB19AB00DECDC0 /* Debug */ = {
			isa = XCBuildConfiguration;
			baseConfigurationReference = 98D562C91CDB1E8800DECDC0 /* tvOS-Application.xcconfig */;
			buildSettings = {
				CODE_SIGN_IDENTITY = "";
				INFOPLIST_FILE = Tests/Info.plist;
				PRODUCT_BUNDLE_IDENTIFIER = "com.el-eleven.SwinjectStoryboardTests";
				PRODUCT_NAME = "$(PROJECT_NAME)Tests";
			};
			name = Debug;
		};
		98D562A81CDB19AB00DECDC0 /* Release */ = {
			isa = XCBuildConfiguration;
			baseConfigurationReference = 98D562C91CDB1E8800DECDC0 /* tvOS-Application.xcconfig */;
			buildSettings = {
				CODE_SIGN_IDENTITY = "";
				INFOPLIST_FILE = Tests/Info.plist;
				PRODUCT_BUNDLE_IDENTIFIER = "com.el-eleven.SwinjectStoryboardTests";
				PRODUCT_NAME = "$(PROJECT_NAME)Tests";
			};
			name = Release;
		};
/* End XCBuildConfiguration section */

/* Begin XCConfigurationList section */
		985904001CDB0AA700275E4A /* Build configuration list for PBXProject "SwinjectStoryboard" */ = {
			isa = XCConfigurationList;
			buildConfigurations = (
				985904181CDB0AA700275E4A /* Debug */,
				985904191CDB0AA700275E4A /* Release */,
			);
			defaultConfigurationIsVisible = 0;
			defaultConfigurationName = Release;
		};
		9859041A1CDB0AA700275E4A /* Build configuration list for PBXNativeTarget "SwinjectStoryboard-iOS" */ = {
			isa = XCConfigurationList;
			buildConfigurations = (
				9859041B1CDB0AA700275E4A /* Debug */,
				9859041C1CDB0AA700275E4A /* Release */,
			);
			defaultConfigurationIsVisible = 0;
			defaultConfigurationName = Release;
		};
		9859041D1CDB0AA700275E4A /* Build configuration list for PBXNativeTarget "SwinjectStoryboard-iOSTests" */ = {
			isa = XCConfigurationList;
			buildConfigurations = (
				9859041E1CDB0AA700275E4A /* Debug */,
				9859041F1CDB0AA700275E4A /* Release */,
			);
			defaultConfigurationIsVisible = 0;
			defaultConfigurationName = Release;
		};
		98D562891CDB173500DECDC0 /* Build configuration list for PBXNativeTarget "SwinjectStoryboard-OSX" */ = {
			isa = XCConfigurationList;
			buildConfigurations = (
				98D5628A1CDB173500DECDC0 /* Debug */,
				98D5628B1CDB173500DECDC0 /* Release */,
			);
			defaultConfigurationIsVisible = 0;
			defaultConfigurationName = Release;
		};
		98D5628C1CDB173500DECDC0 /* Build configuration list for PBXNativeTarget "SwinjectStoryboard-OSXTests" */ = {
			isa = XCConfigurationList;
			buildConfigurations = (
				98D5628D1CDB173500DECDC0 /* Debug */,
				98D5628E1CDB173500DECDC0 /* Release */,
			);
			defaultConfigurationIsVisible = 0;
			defaultConfigurationName = Release;
		};
		98D562A91CDB19AB00DECDC0 /* Build configuration list for PBXNativeTarget "SwinjectStoryboard-tvOS" */ = {
			isa = XCConfigurationList;
			buildConfigurations = (
				98D562A51CDB19AB00DECDC0 /* Debug */,
				98D562A61CDB19AB00DECDC0 /* Release */,
			);
			defaultConfigurationIsVisible = 0;
			defaultConfigurationName = Release;
		};
		98D562AA1CDB19AB00DECDC0 /* Build configuration list for PBXNativeTarget "SwinjectStoryboard-tvOSTests" */ = {
			isa = XCConfigurationList;
			buildConfigurations = (
				98D562A71CDB19AB00DECDC0 /* Debug */,
				98D562A81CDB19AB00DECDC0 /* Release */,
			);
			defaultConfigurationIsVisible = 0;
			defaultConfigurationName = Release;
		};
/* End XCConfigurationList section */
	};
	rootObject = 985903FD1CDB0AA700275E4A /* Project object */;
}
